// !$*UTF8*$!
{
	archiveVersion = 1;
	classes = {
	};
	objectVersion = 46;
	objects = {

/* Begin PBXBuildFile section */
		02D95F358B3809570EE7A06C /* libPods-Demo.a in Frameworks */ = {isa = PBXBuildFile; fileRef = E5312EDDE7823CA6A13E8153 /* libPods-Demo.a */; };
		5CFB4650FA59D01D5D73CBDC /* libPods-BobPullToRefresh.a in Frameworks */ = {isa = PBXBuildFile; fileRef = 5B1F11FEC577CEBE067D4FD3 /* libPods-BobPullToRefresh.a */; };
		C4BDD79319FEC2B100A69B21 /* libBobPullToRefresh.a in Frameworks */ = {isa = PBXBuildFile; fileRef = C4BDD78719FEC2B100A69B21 /* libBobPullToRefresh.a */; };
		C4BDD7AB19FEC36E00A69B21 /* BPRPullToRefresh.m in Sources */ = {isa = PBXBuildFile; fileRef = C4BDD7A619FEC36E00A69B21 /* BPRPullToRefresh.m */; };
		C4BDD7AC19FEC36E00A69B21 /* BPRRefreshView.m in Sources */ = {isa = PBXBuildFile; fileRef = C4BDD7A819FEC36E00A69B21 /* BPRRefreshView.m */; };
		C4BDD7AD19FEC36E00A69B21 /* UIScrollView+BobPullToRefresh.m in Sources */ = {isa = PBXBuildFile; fileRef = C4BDD7AA19FEC36E00A69B21 /* UIScrollView+BobPullToRefresh.m */; };
		C4BDD7B419FEC37D00A69B21 /* BPRFakeScrollView.m in Sources */ = {isa = PBXBuildFile; fileRef = C4BDD7B019FEC37D00A69B21 /* BPRFakeScrollView.m */; };
		C4BDD7B519FEC37D00A69B21 /* BPRPullToRefreshTests.m in Sources */ = {isa = PBXBuildFile; fileRef = C4BDD7B119FEC37D00A69B21 /* BPRPullToRefreshTests.m */; };
		C4BDD7B619FEC37D00A69B21 /* BPRRefreshViewTests.m in Sources */ = {isa = PBXBuildFile; fileRef = C4BDD7B219FEC37D00A69B21 /* BPRRefreshViewTests.m */; };
		C4BDD7B719FEC37D00A69B21 /* UIScrollView+BobPullToRefreshTests.m in Sources */ = {isa = PBXBuildFile; fileRef = C4BDD7B319FEC37D00A69B21 /* UIScrollView+BobPullToRefreshTests.m */; };
		C4BDD7C519FEDBD800A69B21 /* main.m in Sources */ = {isa = PBXBuildFile; fileRef = C4BDD7C419FEDBD800A69B21 /* main.m */; };
		C4BDD7D019FEDBD800A69B21 /* Images.xcassets in Resources */ = {isa = PBXBuildFile; fileRef = C4BDD7CF19FEDBD800A69B21 /* Images.xcassets */; };
		C4BDD7EE19FEDC3F00A69B21 /* BPRAppDelegate.m in Sources */ = {isa = PBXBuildFile; fileRef = C4BDD7E919FEDC3F00A69B21 /* BPRAppDelegate.m */; };
		C4BDD7EF19FEDC3F00A69B21 /* BPRArrowRefreshView.m in Sources */ = {isa = PBXBuildFile; fileRef = C4BDD7EB19FEDC3F00A69B21 /* BPRArrowRefreshView.m */; };
		C4BDD7F019FEDC3F00A69B21 /* BPRViewController.m in Sources */ = {isa = PBXBuildFile; fileRef = C4BDD7ED19FEDC3F00A69B21 /* BPRViewController.m */; };
		C4BDD7F319FEDCA000A69B21 /* libBobPullToRefresh.a in Frameworks */ = {isa = PBXBuildFile; fileRef = C4BDD78719FEC2B100A69B21 /* libBobPullToRefresh.a */; };
		C4BDD7F519FEE5CA00A69B21 /* Launch.storyboard in Resources */ = {isa = PBXBuildFile; fileRef = C4BDD7F419FEE5CA00A69B21 /* Launch.storyboard */; };
		C4BDD7F919FEE9B200A69B21 /* BPRTopTableViewCell.m in Sources */ = {isa = PBXBuildFile; fileRef = C4BDD7F819FEE9B200A69B21 /* BPRTopTableViewCell.m */; };
		C4BDD7FC19FEF00D00A69B21 /* OtherTableViewCell.m in Sources */ = {isa = PBXBuildFile; fileRef = C4BDD7FB19FEF00D00A69B21 /* OtherTableViewCell.m */; };
		C4BDD7FF19FFDEE200A69B21 /* BPRArrowView.m in Sources */ = {isa = PBXBuildFile; fileRef = C4BDD7FE19FFDEE200A69B21 /* BPRArrowView.m */; };
		C4BDD80219FFF0EF00A69B21 /* BPRDotsLoadingIndicatorView.m in Sources */ = {isa = PBXBuildFile; fileRef = C4BDD80119FFF0EF00A69B21 /* BPRDotsLoadingIndicatorView.m */; };
		CDDECFDF0801DADBE0E827B9 /* libPods-BobPullToRefreshTests.a in Frameworks */ = {isa = PBXBuildFile; fileRef = 929D46EFE825E3203FC1E76E /* libPods-BobPullToRefreshTests.a */; };
/* End PBXBuildFile section */

/* Begin PBXContainerItemProxy section */
		C4BDD79419FEC2B100A69B21 /* PBXContainerItemProxy */ = {
			isa = PBXContainerItemProxy;
			containerPortal = C4BDD77F19FEC2B100A69B21 /* Project object */;
			proxyType = 1;
			remoteGlobalIDString = C4BDD78619FEC2B100A69B21;
			remoteInfo = BobPullToRefresh;
		};
		C4BDD7F119FEDC9A00A69B21 /* PBXContainerItemProxy */ = {
			isa = PBXContainerItemProxy;
			containerPortal = C4BDD77F19FEC2B100A69B21 /* Project object */;
			proxyType = 1;
			remoteGlobalIDString = C4BDD78619FEC2B100A69B21;
			remoteInfo = BobPullToRefresh;
		};
/* End PBXContainerItemProxy section */

/* Begin PBXCopyFilesBuildPhase section */
		C4BDD78519FEC2B100A69B21 /* CopyFiles */ = {
			isa = PBXCopyFilesBuildPhase;
			buildActionMask = 2147483647;
			dstPath = "include/$(PRODUCT_NAME)";
			dstSubfolderSpec = 16;
			files = (
			);
			runOnlyForDeploymentPostprocessing = 0;
		};
/* End PBXCopyFilesBuildPhase section */

/* Begin PBXFileReference section */
		1B2A935CC2511EBAE5F013FF /* Pods-Demo.release.xcconfig */ = {isa = PBXFileReference; includeInIndex = 1; lastKnownFileType = text.xcconfig; name = "Pods-Demo.release.xcconfig"; path = "Pods/Target Support Files/Pods-Demo/Pods-Demo.release.xcconfig"; sourceTree = "<group>"; };
		58DC311FE3F21F7380A5F7DB /* Pods-Demo.coverage.xcconfig */ = {isa = PBXFileReference; includeInIndex = 1; lastKnownFileType = text.xcconfig; name = "Pods-Demo.coverage.xcconfig"; path = "Pods/Target Support Files/Pods-Demo/Pods-Demo.coverage.xcconfig"; sourceTree = "<group>"; };
		5B1F11FEC577CEBE067D4FD3 /* libPods-BobPullToRefresh.a */ = {isa = PBXFileReference; explicitFileType = archive.ar; includeInIndex = 0; path = "libPods-BobPullToRefresh.a"; sourceTree = BUILT_PRODUCTS_DIR; };
		77CEA7D863C97CCF260B4964 /* Pods-BobPullToRefreshTests.release.xcconfig */ = {isa = PBXFileReference; includeInIndex = 1; lastKnownFileType = text.xcconfig; name = "Pods-BobPullToRefreshTests.release.xcconfig"; path = "Pods/Target Support Files/Pods-BobPullToRefreshTests/Pods-BobPullToRefreshTests.release.xcconfig"; sourceTree = "<group>"; };
		7EECDFBF35C3036E0650CABE /* Pods-BobPullToRefresh.release.xcconfig */ = {isa = PBXFileReference; includeInIndex = 1; lastKnownFileType = text.xcconfig; name = "Pods-BobPullToRefresh.release.xcconfig"; path = "Pods/Target Support Files/Pods-BobPullToRefresh/Pods-BobPullToRefresh.release.xcconfig"; sourceTree = "<group>"; };
		929D46EFE825E3203FC1E76E /* libPods-BobPullToRefreshTests.a */ = {isa = PBXFileReference; explicitFileType = archive.ar; includeInIndex = 0; path = "libPods-BobPullToRefreshTests.a"; sourceTree = BUILT_PRODUCTS_DIR; };
		990E28A1858A12722065A22A /* Pods-Demo.debug.xcconfig */ = {isa = PBXFileReference; includeInIndex = 1; lastKnownFileType = text.xcconfig; name = "Pods-Demo.debug.xcconfig"; path = "Pods/Target Support Files/Pods-Demo/Pods-Demo.debug.xcconfig"; sourceTree = "<group>"; };
		B1E2A9A39E6204FE41FF3C47 /* Pods-BobPullToRefreshTests.debug.xcconfig */ = {isa = PBXFileReference; includeInIndex = 1; lastKnownFileType = text.xcconfig; name = "Pods-BobPullToRefreshTests.debug.xcconfig"; path = "Pods/Target Support Files/Pods-BobPullToRefreshTests/Pods-BobPullToRefreshTests.debug.xcconfig"; sourceTree = "<group>"; };
		C4BDD78719FEC2B100A69B21 /* libBobPullToRefresh.a */ = {isa = PBXFileReference; explicitFileType = archive.ar; includeInIndex = 0; path = libBobPullToRefresh.a; sourceTree = BUILT_PRODUCTS_DIR; };
		C4BDD79219FEC2B100A69B21 /* BobPullToRefreshTests.xctest */ = {isa = PBXFileReference; explicitFileType = wrapper.cfbundle; includeInIndex = 0; path = BobPullToRefreshTests.xctest; sourceTree = BUILT_PRODUCTS_DIR; };
		C4BDD79819FEC2B100A69B21 /* Info.plist */ = {isa = PBXFileReference; lastKnownFileType = text.plist.xml; path = Info.plist; sourceTree = "<group>"; };
		C4BDD7A219FEC36E00A69B21 /* .gitkeep */ = {isa = PBXFileReference; fileEncoding = 4; lastKnownFileType = text; path = .gitkeep; sourceTree = "<group>"; };
		C4BDD7A419FEC36E00A69B21 /* .gitkeep */ = {isa = PBXFileReference; fileEncoding = 4; lastKnownFileType = text; path = .gitkeep; sourceTree = "<group>"; };
		C4BDD7A519FEC36E00A69B21 /* BPRPullToRefresh.h */ = {isa = PBXFileReference; fileEncoding = 4; lastKnownFileType = sourcecode.c.h; path = BPRPullToRefresh.h; sourceTree = "<group>"; };
		C4BDD7A619FEC36E00A69B21 /* BPRPullToRefresh.m */ = {isa = PBXFileReference; fileEncoding = 4; lastKnownFileType = sourcecode.c.objc; path = BPRPullToRefresh.m; sourceTree = "<group>"; };
		C4BDD7A719FEC36E00A69B21 /* BPRRefreshView.h */ = {isa = PBXFileReference; fileEncoding = 4; lastKnownFileType = sourcecode.c.h; path = BPRRefreshView.h; sourceTree = "<group>"; };
		C4BDD7A819FEC36E00A69B21 /* BPRRefreshView.m */ = {isa = PBXFileReference; fileEncoding = 4; lastKnownFileType = sourcecode.c.objc; path = BPRRefreshView.m; sourceTree = "<group>"; };
		C4BDD7A919FEC36E00A69B21 /* UIScrollView+BobPullToRefresh.h */ = {isa = PBXFileReference; fileEncoding = 4; lastKnownFileType = sourcecode.c.h; path = "UIScrollView+BobPullToRefresh.h"; sourceTree = "<group>"; };
		C4BDD7AA19FEC36E00A69B21 /* UIScrollView+BobPullToRefresh.m */ = {isa = PBXFileReference; fileEncoding = 4; lastKnownFileType = sourcecode.c.objc; path = "UIScrollView+BobPullToRefresh.m"; sourceTree = "<group>"; };
		C4BDD7AE19FEC37D00A69B21 /* BobPullToRefreshTests.pch */ = {isa = PBXFileReference; fileEncoding = 4; lastKnownFileType = sourcecode.c.h; path = BobPullToRefreshTests.pch; sourceTree = "<group>"; };
		C4BDD7AF19FEC37D00A69B21 /* BPRFakeScrollView.h */ = {isa = PBXFileReference; fileEncoding = 4; lastKnownFileType = sourcecode.c.h; path = BPRFakeScrollView.h; sourceTree = "<group>"; };
		C4BDD7B019FEC37D00A69B21 /* BPRFakeScrollView.m */ = {isa = PBXFileReference; fileEncoding = 4; lastKnownFileType = sourcecode.c.objc; path = BPRFakeScrollView.m; sourceTree = "<group>"; };
		C4BDD7B119FEC37D00A69B21 /* BPRPullToRefreshTests.m */ = {isa = PBXFileReference; fileEncoding = 4; lastKnownFileType = sourcecode.c.objc; path = BPRPullToRefreshTests.m; sourceTree = "<group>"; };
		C4BDD7B219FEC37D00A69B21 /* BPRRefreshViewTests.m */ = {isa = PBXFileReference; fileEncoding = 4; lastKnownFileType = sourcecode.c.objc; path = BPRRefreshViewTests.m; sourceTree = "<group>"; };
		C4BDD7B319FEC37D00A69B21 /* UIScrollView+BobPullToRefreshTests.m */ = {isa = PBXFileReference; fileEncoding = 4; lastKnownFileType = sourcecode.c.objc; path = "UIScrollView+BobPullToRefreshTests.m"; sourceTree = "<group>"; };
		C4BDD7C019FEDBD700A69B21 /* Demo.app */ = {isa = PBXFileReference; explicitFileType = wrapper.application; includeInIndex = 0; path = Demo.app; sourceTree = BUILT_PRODUCTS_DIR; };
		C4BDD7C319FEDBD800A69B21 /* Info.plist */ = {isa = PBXFileReference; lastKnownFileType = text.plist.xml; path = Info.plist; sourceTree = "<group>"; };
		C4BDD7C419FEDBD800A69B21 /* main.m */ = {isa = PBXFileReference; lastKnownFileType = sourcecode.c.objc; path = main.m; sourceTree = "<group>"; };
		C4BDD7CF19FEDBD800A69B21 /* Images.xcassets */ = {isa = PBXFileReference; lastKnownFileType = folder.assetcatalog; path = Images.xcassets; sourceTree = "<group>"; };
		C4BDD7E819FEDC3F00A69B21 /* BPRAppDelegate.h */ = {isa = PBXFileReference; fileEncoding = 4; lastKnownFileType = sourcecode.c.h; path = BPRAppDelegate.h; sourceTree = "<group>"; };
		C4BDD7E919FEDC3F00A69B21 /* BPRAppDelegate.m */ = {isa = PBXFileReference; fileEncoding = 4; lastKnownFileType = sourcecode.c.objc; path = BPRAppDelegate.m; sourceTree = "<group>"; };
		C4BDD7EA19FEDC3F00A69B21 /* BPRArrowRefreshView.h */ = {isa = PBXFileReference; fileEncoding = 4; lastKnownFileType = sourcecode.c.h; path = BPRArrowRefreshView.h; sourceTree = "<group>"; };
		C4BDD7EB19FEDC3F00A69B21 /* BPRArrowRefreshView.m */ = {isa = PBXFileReference; fileEncoding = 4; lastKnownFileType = sourcecode.c.objc; path = BPRArrowRefreshView.m; sourceTree = "<group>"; };
		C4BDD7EC19FEDC3F00A69B21 /* BPRViewController.h */ = {isa = PBXFileReference; fileEncoding = 4; lastKnownFileType = sourcecode.c.h; path = BPRViewController.h; sourceTree = "<group>"; };
		C4BDD7ED19FEDC3F00A69B21 /* BPRViewController.m */ = {isa = PBXFileReference; fileEncoding = 4; lastKnownFileType = sourcecode.c.objc; path = BPRViewController.m; sourceTree = "<group>"; };
		C4BDD7F419FEE5CA00A69B21 /* Launch.storyboard */ = {isa = PBXFileReference; fileEncoding = 4; lastKnownFileType = file.storyboard; path = Launch.storyboard; sourceTree = "<group>"; };
		C4BDD7F719FEE9B200A69B21 /* BPRTopTableViewCell.h */ = {isa = PBXFileReference; fileEncoding = 4; lastKnownFileType = sourcecode.c.h; path = BPRTopTableViewCell.h; sourceTree = "<group>"; };
		C4BDD7F819FEE9B200A69B21 /* BPRTopTableViewCell.m */ = {isa = PBXFileReference; fileEncoding = 4; lastKnownFileType = sourcecode.c.objc; path = BPRTopTableViewCell.m; sourceTree = "<group>"; };
		C4BDD7FA19FEF00D00A69B21 /* OtherTableViewCell.h */ = {isa = PBXFileReference; fileEncoding = 4; lastKnownFileType = sourcecode.c.h; path = OtherTableViewCell.h; sourceTree = "<group>"; };
		C4BDD7FB19FEF00D00A69B21 /* OtherTableViewCell.m */ = {isa = PBXFileReference; fileEncoding = 4; lastKnownFileType = sourcecode.c.objc; path = OtherTableViewCell.m; sourceTree = "<group>"; };
		C4BDD7FD19FFDEE200A69B21 /* BPRArrowView.h */ = {isa = PBXFileReference; fileEncoding = 4; lastKnownFileType = sourcecode.c.h; path = BPRArrowView.h; sourceTree = "<group>"; };
		C4BDD7FE19FFDEE200A69B21 /* BPRArrowView.m */ = {isa = PBXFileReference; fileEncoding = 4; lastKnownFileType = sourcecode.c.objc; path = BPRArrowView.m; sourceTree = "<group>"; };
		C4BDD80019FFF0EF00A69B21 /* BPRDotsLoadingIndicatorView.h */ = {isa = PBXFileReference; fileEncoding = 4; lastKnownFileType = sourcecode.c.h; path = BPRDotsLoadingIndicatorView.h; sourceTree = "<group>"; };
		C4BDD80119FFF0EF00A69B21 /* BPRDotsLoadingIndicatorView.m */ = {isa = PBXFileReference; fileEncoding = 4; lastKnownFileType = sourcecode.c.objc; path = BPRDotsLoadingIndicatorView.m; sourceTree = "<group>"; };
		E17E7D4C343CCBF351FFBFEB /* libPods.a */ = {isa = PBXFileReference; explicitFileType = archive.ar; includeInIndex = 0; path = libPods.a; sourceTree = BUILT_PRODUCTS_DIR; };
		E5312EDDE7823CA6A13E8153 /* libPods-Demo.a */ = {isa = PBXFileReference; explicitFileType = archive.ar; includeInIndex = 0; path = "libPods-Demo.a"; sourceTree = BUILT_PRODUCTS_DIR; };
		E7FDB78F7E9E6014FBBD8CB3 /* Pods-BobPullToRefresh.debug.xcconfig */ = {isa = PBXFileReference; includeInIndex = 1; lastKnownFileType = text.xcconfig; name = "Pods-BobPullToRefresh.debug.xcconfig"; path = "Pods/Target Support Files/Pods-BobPullToRefresh/Pods-BobPullToRefresh.debug.xcconfig"; sourceTree = "<group>"; };
		EB31E283CE262773B007BD6D /* Pods-BobPullToRefresh.coverage.xcconfig */ = {isa = PBXFileReference; includeInIndex = 1; lastKnownFileType = text.xcconfig; name = "Pods-BobPullToRefresh.coverage.xcconfig"; path = "Pods/Target Support Files/Pods-BobPullToRefresh/Pods-BobPullToRefresh.coverage.xcconfig"; sourceTree = "<group>"; };
/* End PBXFileReference section */

/* Begin PBXFrameworksBuildPhase section */
		C4BDD78419FEC2B100A69B21 /* Frameworks */ = {
			isa = PBXFrameworksBuildPhase;
			buildActionMask = 2147483647;
			files = (
				5CFB4650FA59D01D5D73CBDC /* libPods-BobPullToRefresh.a in Frameworks */,
			);
			runOnlyForDeploymentPostprocessing = 0;
		};
		C4BDD78F19FEC2B100A69B21 /* Frameworks */ = {
			isa = PBXFrameworksBuildPhase;
			buildActionMask = 2147483647;
			files = (
				C4BDD79319FEC2B100A69B21 /* libBobPullToRefresh.a in Frameworks */,
				CDDECFDF0801DADBE0E827B9 /* libPods-BobPullToRefreshTests.a in Frameworks */,
			);
			runOnlyForDeploymentPostprocessing = 0;
		};
		C4BDD7BD19FEDBD700A69B21 /* Frameworks */ = {
			isa = PBXFrameworksBuildPhase;
			buildActionMask = 2147483647;
			files = (
				C4BDD7F319FEDCA000A69B21 /* libBobPullToRefresh.a in Frameworks */,
				02D95F358B3809570EE7A06C /* libPods-Demo.a in Frameworks */,
			);
			runOnlyForDeploymentPostprocessing = 0;
		};
/* End PBXFrameworksBuildPhase section */

/* Begin PBXGroup section */
		203930A99EC0CB3E1094018F /* Pods */ = {
			isa = PBXGroup;
			children = (
				E7FDB78F7E9E6014FBBD8CB3 /* Pods-BobPullToRefresh.debug.xcconfig */,
				7EECDFBF35C3036E0650CABE /* Pods-BobPullToRefresh.release.xcconfig */,
				B1E2A9A39E6204FE41FF3C47 /* Pods-BobPullToRefreshTests.debug.xcconfig */,
				77CEA7D863C97CCF260B4964 /* Pods-BobPullToRefreshTests.release.xcconfig */,
				EB31E283CE262773B007BD6D /* Pods-BobPullToRefresh.coverage.xcconfig */,
				990E28A1858A12722065A22A /* Pods-Demo.debug.xcconfig */,
				58DC311FE3F21F7380A5F7DB /* Pods-Demo.coverage.xcconfig */,
				1B2A935CC2511EBAE5F013FF /* Pods-Demo.release.xcconfig */,
			);
			name = Pods;
			sourceTree = "<group>";
		};
		4CE8799638FA75B1679E0B17 /* Frameworks */ = {
			isa = PBXGroup;
			children = (
				5B1F11FEC577CEBE067D4FD3 /* libPods-BobPullToRefresh.a */,
				929D46EFE825E3203FC1E76E /* libPods-BobPullToRefreshTests.a */,
				E17E7D4C343CCBF351FFBFEB /* libPods.a */,
				E5312EDDE7823CA6A13E8153 /* libPods-Demo.a */,
			);
			name = Frameworks;
			sourceTree = "<group>";
		};
		C4BDD77E19FEC2B100A69B21 = {
			isa = PBXGroup;
			children = (
				C4BDD78919FEC2B100A69B21 /* BobPullToRefresh */,
				C4BDD79619FEC2B100A69B21 /* BobPullToRefreshTests */,
				C4BDD7C119FEDBD800A69B21 /* Demo */,
				C4BDD78819FEC2B100A69B21 /* Products */,
				203930A99EC0CB3E1094018F /* Pods */,
				4CE8799638FA75B1679E0B17 /* Frameworks */,
			);
			sourceTree = "<group>";
		};
		C4BDD78819FEC2B100A69B21 /* Products */ = {
			isa = PBXGroup;
			children = (
				C4BDD78719FEC2B100A69B21 /* libBobPullToRefresh.a */,
				C4BDD79219FEC2B100A69B21 /* BobPullToRefreshTests.xctest */,
				C4BDD7C019FEDBD700A69B21 /* Demo.app */,
			);
			name = Products;
			sourceTree = "<group>";
		};
		C4BDD78919FEC2B100A69B21 /* BobPullToRefresh */ = {
			isa = PBXGroup;
			children = (
				C4BDD7A119FEC36E00A69B21 /* Assets */,
				C4BDD7A319FEC36E00A69B21 /* Classes */,
			);
			path = BobPullToRefresh;
			sourceTree = "<group>";
		};
		C4BDD79619FEC2B100A69B21 /* BobPullToRefreshTests */ = {
			isa = PBXGroup;
			children = (
				C4BDD7AE19FEC37D00A69B21 /* BobPullToRefreshTests.pch */,
				C4BDD7AF19FEC37D00A69B21 /* BPRFakeScrollView.h */,
				C4BDD7B019FEC37D00A69B21 /* BPRFakeScrollView.m */,
				C4BDD7B119FEC37D00A69B21 /* BPRPullToRefreshTests.m */,
				C4BDD7B219FEC37D00A69B21 /* BPRRefreshViewTests.m */,
				C4BDD7B319FEC37D00A69B21 /* UIScrollView+BobPullToRefreshTests.m */,
				C4BDD79719FEC2B100A69B21 /* Supporting Files */,
			);
			path = BobPullToRefreshTests;
			sourceTree = "<group>";
		};
		C4BDD79719FEC2B100A69B21 /* Supporting Files */ = {
			isa = PBXGroup;
			children = (
				C4BDD79819FEC2B100A69B21 /* Info.plist */,
			);
			name = "Supporting Files";
			sourceTree = "<group>";
		};
		C4BDD7A119FEC36E00A69B21 /* Assets */ = {
			isa = PBXGroup;
			children = (
				C4BDD7A219FEC36E00A69B21 /* .gitkeep */,
			);
			path = Assets;
			sourceTree = "<group>";
		};
		C4BDD7A319FEC36E00A69B21 /* Classes */ = {
			isa = PBXGroup;
			children = (
				C4BDD7A419FEC36E00A69B21 /* .gitkeep */,
				C4BDD7A519FEC36E00A69B21 /* BPRPullToRefresh.h */,
				C4BDD7A619FEC36E00A69B21 /* BPRPullToRefresh.m */,
				C4BDD7A719FEC36E00A69B21 /* BPRRefreshView.h */,
				C4BDD7A819FEC36E00A69B21 /* BPRRefreshView.m */,
				C4BDD7A919FEC36E00A69B21 /* UIScrollView+BobPullToRefresh.h */,
				C4BDD7AA19FEC36E00A69B21 /* UIScrollView+BobPullToRefresh.m */,
			);
			path = Classes;
			sourceTree = "<group>";
		};
		C4BDD7C119FEDBD800A69B21 /* Demo */ = {
			isa = PBXGroup;
			children = (
				C4BDD7F619FEE98E00A69B21 /* BoilerPlate */,
				C4BDD7E819FEDC3F00A69B21 /* BPRAppDelegate.h */,
				C4BDD7E919FEDC3F00A69B21 /* BPRAppDelegate.m */,
				C4BDD7FD19FFDEE200A69B21 /* BPRArrowView.h */,
				C4BDD7FE19FFDEE200A69B21 /* BPRArrowView.m */,
				C4BDD80019FFF0EF00A69B21 /* BPRDotsLoadingIndicatorView.h */,
				C4BDD80119FFF0EF00A69B21 /* BPRDotsLoadingIndicatorView.m */,
				C4BDD7EA19FEDC3F00A69B21 /* BPRArrowRefreshView.h */,
				C4BDD7EB19FEDC3F00A69B21 /* BPRArrowRefreshView.m */,
				C4BDD7EC19FEDC3F00A69B21 /* BPRViewController.h */,
				C4BDD7ED19FEDC3F00A69B21 /* BPRViewController.m */,
				C4BDD7CF19FEDBD800A69B21 /* Images.xcassets */,
				C4BDD7C219FEDBD800A69B21 /* Supporting Files */,
				C4BDD7F419FEE5CA00A69B21 /* Launch.storyboard */,
			);
			path = Demo;
			sourceTree = "<group>";
		};
		C4BDD7C219FEDBD800A69B21 /* Supporting Files */ = {
			isa = PBXGroup;
			children = (
				C4BDD7C319FEDBD800A69B21 /* Info.plist */,
				C4BDD7C419FEDBD800A69B21 /* main.m */,
			);
			name = "Supporting Files";
			sourceTree = "<group>";
		};
		C4BDD7F619FEE98E00A69B21 /* BoilerPlate */ = {
			isa = PBXGroup;
			children = (
				C4BDD7F719FEE9B200A69B21 /* BPRTopTableViewCell.h */,
				C4BDD7F819FEE9B200A69B21 /* BPRTopTableViewCell.m */,
				C4BDD7FA19FEF00D00A69B21 /* OtherTableViewCell.h */,
				C4BDD7FB19FEF00D00A69B21 /* OtherTableViewCell.m */,
			);
			path = BoilerPlate;
			sourceTree = "<group>";
		};
/* End PBXGroup section */

/* Begin PBXNativeTarget section */
		C4BDD78619FEC2B100A69B21 /* BobPullToRefresh */ = {
			isa = PBXNativeTarget;
			buildConfigurationList = C4BDD79B19FEC2B100A69B21 /* Build configuration list for PBXNativeTarget "BobPullToRefresh" */;
			buildPhases = (
				7CC855DF3B247140B634B1B1 /* Check Pods Manifest.lock */,
				C4BDD78319FEC2B100A69B21 /* Sources */,
				C4BDD78419FEC2B100A69B21 /* Frameworks */,
				C4BDD78519FEC2B100A69B21 /* CopyFiles */,
				CC51E494F7A1235E799D768F /* Copy Pods Resources */,
			);
			buildRules = (
			);
			dependencies = (
			);
			name = BobPullToRefresh;
			productName = BobPullToRefresh;
			productReference = C4BDD78719FEC2B100A69B21 /* libBobPullToRefresh.a */;
			productType = "com.apple.product-type.library.static";
		};
		C4BDD79119FEC2B100A69B21 /* BobPullToRefreshTests */ = {
			isa = PBXNativeTarget;
			buildConfigurationList = C4BDD79E19FEC2B100A69B21 /* Build configuration list for PBXNativeTarget "BobPullToRefreshTests" */;
			buildPhases = (
				08878C9B03A123EC2F117993 /* Check Pods Manifest.lock */,
				C4BDD78E19FEC2B100A69B21 /* Sources */,
				C4BDD78F19FEC2B100A69B21 /* Frameworks */,
				C4BDD79019FEC2B100A69B21 /* Resources */,
				90331AE7D208409C6F9C3461 /* Copy Pods Resources */,
			);
			buildRules = (
			);
			dependencies = (
				C4BDD79519FEC2B100A69B21 /* PBXTargetDependency */,
			);
			name = BobPullToRefreshTests;
			productName = BobPullToRefreshTests;
			productReference = C4BDD79219FEC2B100A69B21 /* BobPullToRefreshTests.xctest */;
			productType = "com.apple.product-type.bundle.unit-test";
		};
		C4BDD7BF19FEDBD700A69B21 /* Demo */ = {
			isa = PBXNativeTarget;
			buildConfigurationList = C4BDD7E019FEDBD800A69B21 /* Build configuration list for PBXNativeTarget "Demo" */;
			buildPhases = (
				0E90FD305A22A203592C686E /* Check Pods Manifest.lock */,
				C4BDD7BC19FEDBD700A69B21 /* Sources */,
				C4BDD7BD19FEDBD700A69B21 /* Frameworks */,
				C4BDD7BE19FEDBD700A69B21 /* Resources */,
				531C1CE568C814E92AB5E70D /* Copy Pods Resources */,
			);
			buildRules = (
			);
			dependencies = (
				C4BDD7F219FEDC9A00A69B21 /* PBXTargetDependency */,
			);
			name = Demo;
			productName = Demo;
			productReference = C4BDD7C019FEDBD700A69B21 /* Demo.app */;
			productType = "com.apple.product-type.application";
		};
/* End PBXNativeTarget section */

/* Begin PBXProject section */
		C4BDD77F19FEC2B100A69B21 /* Project object */ = {
			isa = PBXProject;
			attributes = {
				LastUpgradeCheck = 0610;
				ORGANIZATIONNAME = "Richard Martin";
				TargetAttributes = {
					C4BDD78619FEC2B100A69B21 = {
						CreatedOnToolsVersion = 6.1;
					};
					C4BDD79119FEC2B100A69B21 = {
						CreatedOnToolsVersion = 6.1;
					};
					C4BDD7BF19FEDBD700A69B21 = {
						CreatedOnToolsVersion = 6.1;
					};
				};
			};
			buildConfigurationList = C4BDD78219FEC2B100A69B21 /* Build configuration list for PBXProject "BobPullToRefresh" */;
			compatibilityVersion = "Xcode 3.2";
			developmentRegion = English;
			hasScannedForEncodings = 0;
			knownRegions = (
				en,
				Base,
			);
			mainGroup = C4BDD77E19FEC2B100A69B21;
			productRefGroup = C4BDD78819FEC2B100A69B21 /* Products */;
			projectDirPath = "";
			projectRoot = "";
			targets = (
				C4BDD78619FEC2B100A69B21 /* BobPullToRefresh */,
				C4BDD79119FEC2B100A69B21 /* BobPullToRefreshTests */,
				C4BDD7BF19FEDBD700A69B21 /* Demo */,
			);
		};
/* End PBXProject section */

/* Begin PBXResourcesBuildPhase section */
		C4BDD79019FEC2B100A69B21 /* Resources */ = {
			isa = PBXResourcesBuildPhase;
			buildActionMask = 2147483647;
			files = (
			);
			runOnlyForDeploymentPostprocessing = 0;
		};
		C4BDD7BE19FEDBD700A69B21 /* Resources */ = {
			isa = PBXResourcesBuildPhase;
			buildActionMask = 2147483647;
			files = (
				C4BDD7D019FEDBD800A69B21 /* Images.xcassets in Resources */,
				C4BDD7F519FEE5CA00A69B21 /* Launch.storyboard in Resources */,
			);
			runOnlyForDeploymentPostprocessing = 0;
		};
/* End PBXResourcesBuildPhase section */

/* Begin PBXShellScriptBuildPhase section */
		08878C9B03A123EC2F117993 /* Check Pods Manifest.lock */ = {
			isa = PBXShellScriptBuildPhase;
			buildActionMask = 2147483647;
			files = (
			);
			inputPaths = (
			);
			name = "Check Pods Manifest.lock";
			outputPaths = (
			);
			runOnlyForDeploymentPostprocessing = 0;
			shellPath = /bin/sh;
			shellScript = "diff \"${PODS_ROOT}/../Podfile.lock\" \"${PODS_ROOT}/Manifest.lock\" > /dev/null\nif [[ $? != 0 ]] ; then\n    cat << EOM\nerror: The sandbox is not in sync with the Podfile.lock. Run 'pod install' or update your CocoaPods installation.\nEOM\n    exit 1\nfi\n";
			showEnvVarsInLog = 0;
		};
		0E90FD305A22A203592C686E /* Check Pods Manifest.lock */ = {
			isa = PBXShellScriptBuildPhase;
			buildActionMask = 2147483647;
			files = (
			);
			inputPaths = (
			);
			name = "Check Pods Manifest.lock";
			outputPaths = (
			);
			runOnlyForDeploymentPostprocessing = 0;
			shellPath = /bin/sh;
			shellScript = "diff \"${PODS_ROOT}/../Podfile.lock\" \"${PODS_ROOT}/Manifest.lock\" > /dev/null\nif [[ $? != 0 ]] ; then\n    cat << EOM\nerror: The sandbox is not in sync with the Podfile.lock. Run 'pod install' or update your CocoaPods installation.\nEOM\n    exit 1\nfi\n";
			showEnvVarsInLog = 0;
		};
		531C1CE568C814E92AB5E70D /* Copy Pods Resources */ = {
			isa = PBXShellScriptBuildPhase;
			buildActionMask = 2147483647;
			files = (
			);
			inputPaths = (
			);
			name = "Copy Pods Resources";
			outputPaths = (
			);
			runOnlyForDeploymentPostprocessing = 0;
			shellPath = /bin/sh;
			shellScript = "\"${SRCROOT}/Pods/Target Support Files/Pods-Demo/Pods-Demo-resources.sh\"\n";
			showEnvVarsInLog = 0;
		};
		7CC855DF3B247140B634B1B1 /* Check Pods Manifest.lock */ = {
			isa = PBXShellScriptBuildPhase;
			buildActionMask = 2147483647;
			files = (
			);
			inputPaths = (
			);
			name = "Check Pods Manifest.lock";
			outputPaths = (
			);
			runOnlyForDeploymentPostprocessing = 0;
			shellPath = /bin/sh;
			shellScript = "diff \"${PODS_ROOT}/../Podfile.lock\" \"${PODS_ROOT}/Manifest.lock\" > /dev/null\nif [[ $? != 0 ]] ; then\n    cat << EOM\nerror: The sandbox is not in sync with the Podfile.lock. Run 'pod install' or update your CocoaPods installation.\nEOM\n    exit 1\nfi\n";
			showEnvVarsInLog = 0;
		};
		90331AE7D208409C6F9C3461 /* Copy Pods Resources */ = {
			isa = PBXShellScriptBuildPhase;
			buildActionMask = 2147483647;
			files = (
			);
			inputPaths = (
			);
			name = "Copy Pods Resources";
			outputPaths = (
			);
			runOnlyForDeploymentPostprocessing = 0;
			shellPath = /bin/sh;
			shellScript = "\"${SRCROOT}/Pods/Target Support Files/Pods-BobPullToRefreshTests/Pods-BobPullToRefreshTests-resources.sh\"\n";
			showEnvVarsInLog = 0;
		};
		CC51E494F7A1235E799D768F /* Copy Pods Resources */ = {
			isa = PBXShellScriptBuildPhase;
			buildActionMask = 2147483647;
			files = (
			);
			inputPaths = (
			);
			name = "Copy Pods Resources";
			outputPaths = (
			);
			runOnlyForDeploymentPostprocessing = 0;
			shellPath = /bin/sh;
			shellScript = "\"${SRCROOT}/Pods/Target Support Files/Pods-BobPullToRefresh/Pods-BobPullToRefresh-resources.sh\"\n";
			showEnvVarsInLog = 0;
		};
/* End PBXShellScriptBuildPhase section */

/* Begin PBXSourcesBuildPhase section */
		C4BDD78319FEC2B100A69B21 /* Sources */ = {
			isa = PBXSourcesBuildPhase;
			buildActionMask = 2147483647;
			files = (
				C4BDD7AD19FEC36E00A69B21 /* UIScrollView+BobPullToRefresh.m in Sources */,
				C4BDD7AB19FEC36E00A69B21 /* BPRPullToRefresh.m in Sources */,
				C4BDD7AC19FEC36E00A69B21 /* BPRRefreshView.m in Sources */,
			);
			runOnlyForDeploymentPostprocessing = 0;
		};
		C4BDD78E19FEC2B100A69B21 /* Sources */ = {
			isa = PBXSourcesBuildPhase;
			buildActionMask = 2147483647;
			files = (
				C4BDD7B519FEC37D00A69B21 /* BPRPullToRefreshTests.m in Sources */,
				C4BDD7B419FEC37D00A69B21 /* BPRFakeScrollView.m in Sources */,
				C4BDD7B619FEC37D00A69B21 /* BPRRefreshViewTests.m in Sources */,
				C4BDD7B719FEC37D00A69B21 /* UIScrollView+BobPullToRefreshTests.m in Sources */,
			);
			runOnlyForDeploymentPostprocessing = 0;
		};
		C4BDD7BC19FEDBD700A69B21 /* Sources */ = {
			isa = PBXSourcesBuildPhase;
			buildActionMask = 2147483647;
			files = (
				C4BDD7C519FEDBD800A69B21 /* main.m in Sources */,
				C4BDD7F019FEDC3F00A69B21 /* BPRViewController.m in Sources */,
				C4BDD7FC19FEF00D00A69B21 /* OtherTableViewCell.m in Sources */,
				C4BDD7F919FEE9B200A69B21 /* BPRTopTableViewCell.m in Sources */,
				C4BDD80219FFF0EF00A69B21 /* BPRDotsLoadingIndicatorView.m in Sources */,
				C4BDD7FF19FFDEE200A69B21 /* BPRArrowView.m in Sources */,
				C4BDD7EE19FEDC3F00A69B21 /* BPRAppDelegate.m in Sources */,
				C4BDD7EF19FEDC3F00A69B21 /* BPRArrowRefreshView.m in Sources */,
			);
			runOnlyForDeploymentPostprocessing = 0;
		};
/* End PBXSourcesBuildPhase section */

/* Begin PBXTargetDependency section */
		C4BDD79519FEC2B100A69B21 /* PBXTargetDependency */ = {
			isa = PBXTargetDependency;
			target = C4BDD78619FEC2B100A69B21 /* BobPullToRefresh */;
			targetProxy = C4BDD79419FEC2B100A69B21 /* PBXContainerItemProxy */;
		};
		C4BDD7F219FEDC9A00A69B21 /* PBXTargetDependency */ = {
			isa = PBXTargetDependency;
			target = C4BDD78619FEC2B100A69B21 /* BobPullToRefresh */;
			targetProxy = C4BDD7F119FEDC9A00A69B21 /* PBXContainerItemProxy */;
		};
/* End PBXTargetDependency section */

/* Begin XCBuildConfiguration section */
		C4BDD79919FEC2B100A69B21 /* Debug */ = {
			isa = XCBuildConfiguration;
			buildSettings = {
				ALWAYS_SEARCH_USER_PATHS = NO;
				CLANG_CXX_LANGUAGE_STANDARD = "gnu++0x";
				CLANG_CXX_LIBRARY = "libc++";
				CLANG_ENABLE_MODULES = YES;
				CLANG_ENABLE_OBJC_ARC = YES;
				CLANG_WARN_BOOL_CONVERSION = YES;
				CLANG_WARN_CONSTANT_CONVERSION = YES;
				CLANG_WARN_DIRECT_OBJC_ISA_USAGE = YES_ERROR;
				CLANG_WARN_EMPTY_BODY = YES;
				CLANG_WARN_ENUM_CONVERSION = YES;
				CLANG_WARN_INT_CONVERSION = YES;
				CLANG_WARN_OBJC_ROOT_CLASS = YES_ERROR;
				CLANG_WARN_UNREACHABLE_CODE = YES;
				CLANG_WARN__DUPLICATE_METHOD_MATCH = YES;
				COPY_PHASE_STRIP = NO;
				ENABLE_STRICT_OBJC_MSGSEND = YES;
				GCC_C_LANGUAGE_STANDARD = gnu99;
				GCC_DYNAMIC_NO_PIC = NO;
				GCC_OPTIMIZATION_LEVEL = 0;
				GCC_PREPROCESSOR_DEFINITIONS = (
					"DEBUG=1",
					"$(inherited)",
				);
				GCC_SYMBOLS_PRIVATE_EXTERN = NO;
				GCC_WARN_64_TO_32_BIT_CONVERSION = YES;
				GCC_WARN_ABOUT_RETURN_TYPE = YES_ERROR;
				GCC_WARN_UNDECLARED_SELECTOR = YES;
				GCC_WARN_UNINITIALIZED_AUTOS = YES_AGGRESSIVE;
				GCC_WARN_UNUSED_FUNCTION = YES;
				GCC_WARN_UNUSED_VARIABLE = YES;
				IPHONEOS_DEPLOYMENT_TARGET = 8.1;
				MTL_ENABLE_DEBUG_INFO = YES;
				ONLY_ACTIVE_ARCH = YES;
				SDKROOT = iphoneos;
			};
			name = Debug;
		};
		C4BDD79A19FEC2B100A69B21 /* Release */ = {
			isa = XCBuildConfiguration;
			buildSettings = {
				ALWAYS_SEARCH_USER_PATHS = NO;
				CLANG_CXX_LANGUAGE_STANDARD = "gnu++0x";
				CLANG_CXX_LIBRARY = "libc++";
				CLANG_ENABLE_MODULES = YES;
				CLANG_ENABLE_OBJC_ARC = YES;
				CLANG_WARN_BOOL_CONVERSION = YES;
				CLANG_WARN_CONSTANT_CONVERSION = YES;
				CLANG_WARN_DIRECT_OBJC_ISA_USAGE = YES_ERROR;
				CLANG_WARN_EMPTY_BODY = YES;
				CLANG_WARN_ENUM_CONVERSION = YES;
				CLANG_WARN_INT_CONVERSION = YES;
				CLANG_WARN_OBJC_ROOT_CLASS = YES_ERROR;
				CLANG_WARN_UNREACHABLE_CODE = YES;
				CLANG_WARN__DUPLICATE_METHOD_MATCH = YES;
				COPY_PHASE_STRIP = YES;
				ENABLE_NS_ASSERTIONS = NO;
				ENABLE_STRICT_OBJC_MSGSEND = YES;
				GCC_C_LANGUAGE_STANDARD = gnu99;
				GCC_WARN_64_TO_32_BIT_CONVERSION = YES;
				GCC_WARN_ABOUT_RETURN_TYPE = YES_ERROR;
				GCC_WARN_UNDECLARED_SELECTOR = YES;
				GCC_WARN_UNINITIALIZED_AUTOS = YES_AGGRESSIVE;
				GCC_WARN_UNUSED_FUNCTION = YES;
				GCC_WARN_UNUSED_VARIABLE = YES;
				IPHONEOS_DEPLOYMENT_TARGET = 8.1;
				MTL_ENABLE_DEBUG_INFO = NO;
				SDKROOT = iphoneos;
				VALIDATE_PRODUCT = YES;
			};
			name = Release;
		};
		C4BDD79C19FEC2B100A69B21 /* Debug */ = {
			isa = XCBuildConfiguration;
			baseConfigurationReference = E7FDB78F7E9E6014FBBD8CB3 /* Pods-BobPullToRefresh.debug.xcconfig */;
			buildSettings = {
				OTHER_LDFLAGS = "-ObjC";
				PRODUCT_NAME = "$(TARGET_NAME)";
				SKIP_INSTALL = YES;
			};
			name = Debug;
		};
		C4BDD79D19FEC2B100A69B21 /* Release */ = {
			isa = XCBuildConfiguration;
			baseConfigurationReference = E7FDB78F7E9E6014FBBD8CB3 /* Pods-BobPullToRefresh.debug.xcconfig */;
			buildSettings = {
				OTHER_LDFLAGS = "-ObjC";
				PRODUCT_NAME = "$(TARGET_NAME)";
				SKIP_INSTALL = YES;
			};
			name = Release;
		};
		C4BDD79F19FEC2B100A69B21 /* Debug */ = {
			isa = XCBuildConfiguration;
			baseConfigurationReference = B1E2A9A39E6204FE41FF3C47 /* Pods-BobPullToRefreshTests.debug.xcconfig */;
			buildSettings = {
				FRAMEWORK_SEARCH_PATHS = (
					"$(SDKROOT)/Developer/Library/Frameworks",
					"$(inherited)",
				);
				GCC_PREFIX_HEADER = BobPullToRefreshTests/BobPullToRefreshTests.pch;
				GCC_PREPROCESSOR_DEFINITIONS = (
					"DEBUG=1",
					"$(inherited)",
				);
				INFOPLIST_FILE = BobPullToRefreshTests/Info.plist;
				LD_RUNPATH_SEARCH_PATHS = "$(inherited) @executable_path/Frameworks @loader_path/Frameworks";
				PRODUCT_NAME = "$(TARGET_NAME)";
			};
			name = Debug;
		};
		C4BDD7A019FEC2B100A69B21 /* Release */ = {
			isa = XCBuildConfiguration;
			baseConfigurationReference = 77CEA7D863C97CCF260B4964 /* Pods-BobPullToRefreshTests.release.xcconfig */;
			buildSettings = {
				FRAMEWORK_SEARCH_PATHS = (
					"$(SDKROOT)/Developer/Library/Frameworks",
					"$(inherited)",
				);
				GCC_PREFIX_HEADER = BobPullToRefreshTests/BobPullToRefreshTests.pch;
				INFOPLIST_FILE = BobPullToRefreshTests/Info.plist;
				LD_RUNPATH_SEARCH_PATHS = "$(inherited) @executable_path/Frameworks @loader_path/Frameworks";
				PRODUCT_NAME = "$(TARGET_NAME)";
			};
			name = Release;
		};
		C4BDD7B919FED49A00A69B21 /* Coverage */ = {
			isa = XCBuildConfiguration;
			buildSettings = {
				ALWAYS_SEARCH_USER_PATHS = NO;
				CLANG_CXX_LANGUAGE_STANDARD = "gnu++0x";
				CLANG_CXX_LIBRARY = "libc++";
				CLANG_ENABLE_MODULES = YES;
				CLANG_ENABLE_OBJC_ARC = YES;
				CLANG_WARN_BOOL_CONVERSION = YES;
				CLANG_WARN_CONSTANT_CONVERSION = YES;
				CLANG_WARN_DIRECT_OBJC_ISA_USAGE = YES_ERROR;
				CLANG_WARN_EMPTY_BODY = YES;
				CLANG_WARN_ENUM_CONVERSION = YES;
				CLANG_WARN_INT_CONVERSION = YES;
				CLANG_WARN_OBJC_ROOT_CLASS = YES_ERROR;
				CLANG_WARN_UNREACHABLE_CODE = YES;
				CLANG_WARN__DUPLICATE_METHOD_MATCH = YES;
				COPY_PHASE_STRIP = NO;
				ENABLE_STRICT_OBJC_MSGSEND = YES;
				GCC_C_LANGUAGE_STANDARD = gnu99;
				GCC_DYNAMIC_NO_PIC = NO;
				GCC_GENERATE_TEST_COVERAGE_FILES = YES;
				GCC_INSTRUMENT_PROGRAM_FLOW_ARCS = YES;
				GCC_OPTIMIZATION_LEVEL = 0;
				GCC_PREPROCESSOR_DEFINITIONS = (
					"DEBUG=1",
					"$(inherited)",
				);
				GCC_SYMBOLS_PRIVATE_EXTERN = NO;
				GCC_WARN_64_TO_32_BIT_CONVERSION = YES;
				GCC_WARN_ABOUT_RETURN_TYPE = YES_ERROR;
				GCC_WARN_UNDECLARED_SELECTOR = YES;
				GCC_WARN_UNINITIALIZED_AUTOS = YES_AGGRESSIVE;
				GCC_WARN_UNUSED_FUNCTION = YES;
				GCC_WARN_UNUSED_VARIABLE = YES;
				IPHONEOS_DEPLOYMENT_TARGET = 8.1;
				MTL_ENABLE_DEBUG_INFO = YES;
				ONLY_ACTIVE_ARCH = YES;
				SDKROOT = iphoneos;
			};
			name = Coverage;
		};
		C4BDD7BA19FED49A00A69B21 /* Coverage */ = {
			isa = XCBuildConfiguration;
			baseConfigurationReference = EB31E283CE262773B007BD6D /* Pods-BobPullToRefresh.coverage.xcconfig */;
			buildSettings = {
				OTHER_LDFLAGS = "-ObjC";
				PRODUCT_NAME = "$(TARGET_NAME)";
				SKIP_INSTALL = YES;
			};
			name = Coverage;
		};
		C4BDD7BB19FED49A00A69B21 /* Coverage */ = {
			isa = XCBuildConfiguration;
			baseConfigurationReference = B1E2A9A39E6204FE41FF3C47 /* Pods-BobPullToRefreshTests.debug.xcconfig */;
			buildSettings = {
				FRAMEWORK_SEARCH_PATHS = (
					"$(SDKROOT)/Developer/Library/Frameworks",
					"$(inherited)",
				);
				GCC_PREFIX_HEADER = BobPullToRefreshTests/BobPullToRefreshTests.pch;
				GCC_PREPROCESSOR_DEFINITIONS = (
					"DEBUG=1",
					"$(inherited)",
				);
				INFOPLIST_FILE = BobPullToRefreshTests/Info.plist;
				LD_RUNPATH_SEARCH_PATHS = "$(inherited) @executable_path/Frameworks @loader_path/Frameworks";
				PRODUCT_NAME = "$(TARGET_NAME)";
			};
			name = Coverage;
		};
		C4BDD7E119FEDBD800A69B21 /* Debug */ = {
			isa = XCBuildConfiguration;
			baseConfigurationReference = 990E28A1858A12722065A22A /* Pods-Demo.debug.xcconfig */;
			buildSettings = {
				ASSETCATALOG_COMPILER_APPICON_NAME = AppIcon;
				ASSETCATALOG_COMPILER_LAUNCHIMAGE_NAME = LaunchImage;
				"CODE_SIGN_IDENTITY[sdk=iphoneos*]" = "iPhone Developer";
				GCC_PREPROCESSOR_DEFINITIONS = (
					"DEBUG=1",
					"$(inherited)",
				);
				INFOPLIST_FILE = Demo/Info.plist;
				IPHONEOS_DEPLOYMENT_TARGET = 7.0;
				LD_RUNPATH_SEARCH_PATHS = "$(inherited) @executable_path/Frameworks";
				PRODUCT_NAME = "$(TARGET_NAME)";
				TARGETED_DEVICE_FAMILY = "1,2";
			};
			name = Debug;
		};
		C4BDD7E219FEDBD800A69B21 /* Coverage */ = {
			isa = XCBuildConfiguration;
			baseConfigurationReference = 58DC311FE3F21F7380A5F7DB /* Pods-Demo.coverage.xcconfig */;
			buildSettings = {
				ASSETCATALOG_COMPILER_APPICON_NAME = AppIcon;
				ASSETCATALOG_COMPILER_LAUNCHIMAGE_NAME = LaunchImage;
				"CODE_SIGN_IDENTITY[sdk=iphoneos*]" = "iPhone Developer";
				INFOPLIST_FILE = Demo/Info.plist;
				IPHONEOS_DEPLOYMENT_TARGET = 7.0;
				LD_RUNPATH_SEARCH_PATHS = "$(inherited) @executable_path/Frameworks";
				PRODUCT_NAME = "$(TARGET_NAME)";
				TARGETED_DEVICE_FAMILY = "1,2";
			};
			name = Coverage;
		};
		C4BDD7E319FEDBD800A69B21 /* Release */ = {
			isa = XCBuildConfiguration;
			baseConfigurationReference = 1B2A935CC2511EBAE5F013FF /* Pods-Demo.release.xcconfig */;
			buildSettings = {
				ASSETCATALOG_COMPILER_APPICON_NAME = AppIcon;
				ASSETCATALOG_COMPILER_LAUNCHIMAGE_NAME = LaunchImage;
				"CODE_SIGN_IDENTITY[sdk=iphoneos*]" = "iPhone Developer";
				INFOPLIST_FILE = Demo/Info.plist;
				IPHONEOS_DEPLOYMENT_TARGET = 7.0;
				LD_RUNPATH_SEARCH_PATHS = "$(inherited) @executable_path/Frameworks";
				PRODUCT_NAME = "$(TARGET_NAME)";
				TARGETED_DEVICE_FAMILY = "1,2";
			};
			name = Release;
		};
/* End XCBuildConfiguration section */

/* Begin XCConfigurationList section */
		C4BDD78219FEC2B100A69B21 /* Build configuration list for PBXProject "BobPullToRefresh" */ = {
			isa = XCConfigurationList;
			buildConfigurations = (
				C4BDD79919FEC2B100A69B21 /* Debug */,
				C4BDD7B919FED49A00A69B21 /* Coverage */,
				C4BDD79A19FEC2B100A69B21 /* Release */,
			);
			defaultConfigurationIsVisible = 0;
			defaultConfigurationName = Release;
		};
		C4BDD79B19FEC2B100A69B21 /* Build configuration list for PBXNativeTarget "BobPullToRefresh" */ = {
			isa = XCConfigurationList;
			buildConfigurations = (
				C4BDD79C19FEC2B100A69B21 /* Debug */,
				C4BDD7BA19FED49A00A69B21 /* Coverage */,
				C4BDD79D19FEC2B100A69B21 /* Release */,
			);
			defaultConfigurationIsVisible = 0;
			defaultConfigurationName = Release;
		};
		C4BDD79E19FEC2B100A69B21 /* Build configuration list for PBXNativeTarget "BobPullToRefreshTests" */ = {
			isa = XCConfigurationList;
			buildConfigurations = (
				C4BDD79F19FEC2B100A69B21 /* Debug */,
				C4BDD7BB19FED49A00A69B21 /* Coverage */,
				C4BDD7A019FEC2B100A69B21 /* Release */,
			);
			defaultConfigurationIsVisible = 0;
			defaultConfigurationName = Release;
		};
		C4BDD7E019FEDBD800A69B21 /* Build configuration list for PBXNativeTarget "Demo" */ = {
			isa = XCConfigurationList;
			buildConfigurations = (
				C4BDD7E119FEDBD800A69B21 /* Debug */,
				C4BDD7E219FEDBD800A69B21 /* Coverage */,
				C4BDD7E319FEDBD800A69B21 /* Release */,
			);
			defaultConfigurationIsVisible = 0;
			defaultConfigurationName = Release;
		};
/* End XCConfigurationList section */
	};
	rootObject = C4BDD77F19FEC2B100A69B21 /* Project object */;
}
