<?xml version="1.0" encoding="UTF-8"?>
<!DOCTYPE plist PUBLIC "-//Apple//DTD PLIST 1.0//EN" "http://www.apple.com/DTDs/PropertyList-1.0.dtd">
<plist version="1.0">
<dict>
	<key>archiveVersion</key>
	<string>1</string>
	<key>classes</key>
	<dict/>
	<key>objectVersion</key>
	<string>46</string>
	<key>objects</key>
	<dict>
		<key>02D95F358B3809570EE7A06C</key>
		<dict>
			<key>fileRef</key>
			<string>E5312EDDE7823CA6A13E8153</string>
			<key>isa</key>
			<string>PBXBuildFile</string>
		</dict>
		<key>08878C9B03A123EC2F117993</key>
		<dict>
			<key>buildActionMask</key>
			<string>2147483647</string>
			<key>files</key>
			<array/>
			<key>inputPaths</key>
			<array/>
			<key>isa</key>
			<string>PBXShellScriptBuildPhase</string>
			<key>name</key>
			<string>Check Pods Manifest.lock</string>
			<key>outputPaths</key>
			<array/>
			<key>runOnlyForDeploymentPostprocessing</key>
			<string>0</string>
			<key>shellPath</key>
			<string>/bin/sh</string>
			<key>shellScript</key>
			<string>diff "${PODS_ROOT}/../Podfile.lock" "${PODS_ROOT}/Manifest.lock" &gt; /dev/null
if [[ $? != 0 ]] ; then
    cat &lt;&lt; EOM
error: The sandbox is not in sync with the Podfile.lock. Run 'pod install' or update your CocoaPods installation.
EOM
    exit 1
fi
</string>
			<key>showEnvVarsInLog</key>
			<string>0</string>
		</dict>
		<key>0E90FD305A22A203592C686E</key>
		<dict>
			<key>buildActionMask</key>
			<string>2147483647</string>
			<key>files</key>
			<array/>
			<key>inputPaths</key>
			<array/>
			<key>isa</key>
			<string>PBXShellScriptBuildPhase</string>
			<key>name</key>
			<string>Check Pods Manifest.lock</string>
			<key>outputPaths</key>
			<array/>
			<key>runOnlyForDeploymentPostprocessing</key>
			<string>0</string>
			<key>shellPath</key>
			<string>/bin/sh</string>
			<key>shellScript</key>
			<string>diff "${PODS_ROOT}/../Podfile.lock" "${PODS_ROOT}/Manifest.lock" &gt; /dev/null
if [[ $? != 0 ]] ; then
    cat &lt;&lt; EOM
error: The sandbox is not in sync with the Podfile.lock. Run 'pod install' or update your CocoaPods installation.
EOM
    exit 1
fi
</string>
			<key>showEnvVarsInLog</key>
			<string>0</string>
		</dict>
		<key>1B2A935CC2511EBAE5F013FF</key>
		<dict>
			<key>includeInIndex</key>
			<string>1</string>
			<key>isa</key>
			<string>PBXFileReference</string>
			<key>lastKnownFileType</key>
			<string>text.xcconfig</string>
			<key>name</key>
			<string>Pods-Demo.release.xcconfig</string>
			<key>path</key>
			<string>Pods/Target Support Files/Pods-Demo/Pods-Demo.release.xcconfig</string>
			<key>sourceTree</key>
			<string>&lt;group&gt;</string>
		</dict>
		<key>203930A99EC0CB3E1094018F</key>
		<dict>
			<key>children</key>
			<array>
				<string>E7FDB78F7E9E6014FBBD8CB3</string>
				<string>7EECDFBF35C3036E0650CABE</string>
				<string>B1E2A9A39E6204FE41FF3C47</string>
				<string>77CEA7D863C97CCF260B4964</string>
				<string>EB31E283CE262773B007BD6D</string>
				<string>990E28A1858A12722065A22A</string>
				<string>58DC311FE3F21F7380A5F7DB</string>
				<string>1B2A935CC2511EBAE5F013FF</string>
			</array>
			<key>isa</key>
			<string>PBXGroup</string>
			<key>name</key>
			<string>Pods</string>
			<key>sourceTree</key>
			<string>&lt;group&gt;</string>
		</dict>
		<key>4CE8799638FA75B1679E0B17</key>
		<dict>
			<key>children</key>
			<array>
				<string>5B1F11FEC577CEBE067D4FD3</string>
				<string>929D46EFE825E3203FC1E76E</string>
				<string>E17E7D4C343CCBF351FFBFEB</string>
				<string>E5312EDDE7823CA6A13E8153</string>
			</array>
			<key>isa</key>
			<string>PBXGroup</string>
			<key>name</key>
			<string>Frameworks</string>
			<key>sourceTree</key>
			<string>&lt;group&gt;</string>
		</dict>
		<key>531C1CE568C814E92AB5E70D</key>
		<dict>
			<key>buildActionMask</key>
			<string>2147483647</string>
			<key>files</key>
			<array/>
			<key>inputPaths</key>
			<array/>
			<key>isa</key>
			<string>PBXShellScriptBuildPhase</string>
			<key>name</key>
			<string>Copy Pods Resources</string>
			<key>outputPaths</key>
			<array/>
			<key>runOnlyForDeploymentPostprocessing</key>
			<string>0</string>
			<key>shellPath</key>
			<string>/bin/sh</string>
			<key>shellScript</key>
			<string>"${SRCROOT}/Pods/Target Support Files/Pods-Demo/Pods-Demo-resources.sh"
</string>
			<key>showEnvVarsInLog</key>
			<string>0</string>
		</dict>
		<key>58DC311FE3F21F7380A5F7DB</key>
		<dict>
			<key>includeInIndex</key>
			<string>1</string>
			<key>isa</key>
			<string>PBXFileReference</string>
			<key>lastKnownFileType</key>
			<string>text.xcconfig</string>
			<key>name</key>
			<string>Pods-Demo.coverage.xcconfig</string>
			<key>path</key>
			<string>Pods/Target Support Files/Pods-Demo/Pods-Demo.coverage.xcconfig</string>
			<key>sourceTree</key>
			<string>&lt;group&gt;</string>
		</dict>
		<key>5B1F11FEC577CEBE067D4FD3</key>
		<dict>
			<key>explicitFileType</key>
			<string>archive.ar</string>
			<key>includeInIndex</key>
			<string>0</string>
			<key>isa</key>
			<string>PBXFileReference</string>
			<key>path</key>
			<string>libPods-BobPullToRefresh.a</string>
			<key>sourceTree</key>
			<string>BUILT_PRODUCTS_DIR</string>
		</dict>
		<key>5CFB4650FA59D01D5D73CBDC</key>
		<dict>
			<key>fileRef</key>
			<string>5B1F11FEC577CEBE067D4FD3</string>
			<key>isa</key>
			<string>PBXBuildFile</string>
		</dict>
		<key>77CEA7D863C97CCF260B4964</key>
		<dict>
			<key>includeInIndex</key>
			<string>1</string>
			<key>isa</key>
			<string>PBXFileReference</string>
			<key>lastKnownFileType</key>
			<string>text.xcconfig</string>
			<key>name</key>
			<string>Pods-BobPullToRefreshTests.release.xcconfig</string>
			<key>path</key>
			<string>Pods/Target Support Files/Pods-BobPullToRefreshTests/Pods-BobPullToRefreshTests.release.xcconfig</string>
			<key>sourceTree</key>
			<string>&lt;group&gt;</string>
		</dict>
		<key>7CC855DF3B247140B634B1B1</key>
		<dict>
			<key>buildActionMask</key>
			<string>2147483647</string>
			<key>files</key>
			<array/>
			<key>inputPaths</key>
			<array/>
			<key>isa</key>
			<string>PBXShellScriptBuildPhase</string>
			<key>name</key>
			<string>Check Pods Manifest.lock</string>
			<key>outputPaths</key>
			<array/>
			<key>runOnlyForDeploymentPostprocessing</key>
			<string>0</string>
			<key>shellPath</key>
			<string>/bin/sh</string>
			<key>shellScript</key>
			<string>diff "${PODS_ROOT}/../Podfile.lock" "${PODS_ROOT}/Manifest.lock" &gt; /dev/null
if [[ $? != 0 ]] ; then
    cat &lt;&lt; EOM
error: The sandbox is not in sync with the Podfile.lock. Run 'pod install' or update your CocoaPods installation.
EOM
    exit 1
fi
</string>
			<key>showEnvVarsInLog</key>
			<string>0</string>
		</dict>
		<key>7EECDFBF35C3036E0650CABE</key>
		<dict>
			<key>includeInIndex</key>
			<string>1</string>
			<key>isa</key>
			<string>PBXFileReference</string>
			<key>lastKnownFileType</key>
			<string>text.xcconfig</string>
			<key>name</key>
			<string>Pods-BobPullToRefresh.release.xcconfig</string>
			<key>path</key>
			<string>Pods/Target Support Files/Pods-BobPullToRefresh/Pods-BobPullToRefresh.release.xcconfig</string>
			<key>sourceTree</key>
			<string>&lt;group&gt;</string>
		</dict>
		<key>90331AE7D208409C6F9C3461</key>
		<dict>
			<key>buildActionMask</key>
			<string>2147483647</string>
			<key>files</key>
			<array/>
			<key>inputPaths</key>
			<array/>
			<key>isa</key>
			<string>PBXShellScriptBuildPhase</string>
			<key>name</key>
			<string>Copy Pods Resources</string>
			<key>outputPaths</key>
			<array/>
			<key>runOnlyForDeploymentPostprocessing</key>
			<string>0</string>
			<key>shellPath</key>
			<string>/bin/sh</string>
			<key>shellScript</key>
			<string>"${SRCROOT}/Pods/Target Support Files/Pods-BobPullToRefreshTests/Pods-BobPullToRefreshTests-resources.sh"
</string>
			<key>showEnvVarsInLog</key>
			<string>0</string>
		</dict>
		<key>929D46EFE825E3203FC1E76E</key>
		<dict>
			<key>explicitFileType</key>
			<string>archive.ar</string>
			<key>includeInIndex</key>
			<string>0</string>
			<key>isa</key>
			<string>PBXFileReference</string>
			<key>path</key>
			<string>libPods-BobPullToRefreshTests.a</string>
			<key>sourceTree</key>
			<string>BUILT_PRODUCTS_DIR</string>
		</dict>
		<key>990E28A1858A12722065A22A</key>
		<dict>
			<key>includeInIndex</key>
			<string>1</string>
			<key>isa</key>
			<string>PBXFileReference</string>
			<key>lastKnownFileType</key>
			<string>text.xcconfig</string>
			<key>name</key>
			<string>Pods-Demo.debug.xcconfig</string>
			<key>path</key>
			<string>Pods/Target Support Files/Pods-Demo/Pods-Demo.debug.xcconfig</string>
			<key>sourceTree</key>
			<string>&lt;group&gt;</string>
		</dict>
		<key>B1E2A9A39E6204FE41FF3C47</key>
		<dict>
			<key>includeInIndex</key>
			<string>1</string>
			<key>isa</key>
			<string>PBXFileReference</string>
			<key>lastKnownFileType</key>
			<string>text.xcconfig</string>
			<key>name</key>
			<string>Pods-BobPullToRefreshTests.debug.xcconfig</string>
			<key>path</key>
			<string>Pods/Target Support Files/Pods-BobPullToRefreshTests/Pods-BobPullToRefreshTests.debug.xcconfig</string>
			<key>sourceTree</key>
			<string>&lt;group&gt;</string>
		</dict>
		<key>C4BDD77E19FEC2B100A69B21</key>
		<dict>
			<key>children</key>
			<array>
				<string>C4BDD78919FEC2B100A69B21</string>
				<string>C4BDD79619FEC2B100A69B21</string>
				<string>C4BDD7C119FEDBD800A69B21</string>
				<string>C4BDD78819FEC2B100A69B21</string>
				<string>203930A99EC0CB3E1094018F</string>
				<string>4CE8799638FA75B1679E0B17</string>
			</array>
			<key>isa</key>
			<string>PBXGroup</string>
			<key>sourceTree</key>
			<string>&lt;group&gt;</string>
		</dict>
		<key>C4BDD77F19FEC2B100A69B21</key>
		<dict>
			<key>attributes</key>
			<dict>
				<key>LastUpgradeCheck</key>
				<string>0610</string>
				<key>ORGANIZATIONNAME</key>
				<string>Richard Martin</string>
				<key>TargetAttributes</key>
				<dict>
					<key>C4BDD78619FEC2B100A69B21</key>
					<dict>
						<key>CreatedOnToolsVersion</key>
						<string>6.1</string>
					</dict>
					<key>C4BDD79119FEC2B100A69B21</key>
					<dict>
						<key>CreatedOnToolsVersion</key>
						<string>6.1</string>
					</dict>
					<key>C4BDD7BF19FEDBD700A69B21</key>
					<dict>
						<key>CreatedOnToolsVersion</key>
						<string>6.1</string>
					</dict>
				</dict>
			</dict>
			<key>buildConfigurationList</key>
			<string>C4BDD78219FEC2B100A69B21</string>
			<key>compatibilityVersion</key>
			<string>Xcode 3.2</string>
			<key>developmentRegion</key>
			<string>English</string>
			<key>hasScannedForEncodings</key>
			<string>0</string>
			<key>isa</key>
			<string>PBXProject</string>
			<key>knownRegions</key>
			<array>
				<string>en</string>
				<string>Base</string>
			</array>
			<key>mainGroup</key>
			<string>C4BDD77E19FEC2B100A69B21</string>
			<key>productRefGroup</key>
			<string>C4BDD78819FEC2B100A69B21</string>
			<key>projectDirPath</key>
			<string></string>
			<key>projectReferences</key>
			<array/>
			<key>projectRoot</key>
			<string></string>
			<key>targets</key>
			<array>
				<string>C4BDD78619FEC2B100A69B21</string>
				<string>C4BDD79119FEC2B100A69B21</string>
				<string>C4BDD7BF19FEDBD700A69B21</string>
			</array>
		</dict>
		<key>C4BDD78219FEC2B100A69B21</key>
		<dict>
			<key>buildConfigurations</key>
			<array>
				<string>C4BDD79919FEC2B100A69B21</string>
				<string>C4BDD7B919FED49A00A69B21</string>
				<string>C4BDD79A19FEC2B100A69B21</string>
			</array>
			<key>defaultConfigurationIsVisible</key>
			<string>0</string>
			<key>defaultConfigurationName</key>
			<string>Release</string>
			<key>isa</key>
			<string>XCConfigurationList</string>
		</dict>
		<key>C4BDD78319FEC2B100A69B21</key>
		<dict>
			<key>buildActionMask</key>
			<string>2147483647</string>
			<key>files</key>
			<array>
				<string>C4BDD7AD19FEC36E00A69B21</string>
				<string>C4BDD7AB19FEC36E00A69B21</string>
				<string>C4BDD7AC19FEC36E00A69B21</string>
			</array>
			<key>isa</key>
			<string>PBXSourcesBuildPhase</string>
			<key>runOnlyForDeploymentPostprocessing</key>
			<string>0</string>
		</dict>
		<key>C4BDD78419FEC2B100A69B21</key>
		<dict>
			<key>buildActionMask</key>
			<string>2147483647</string>
			<key>files</key>
			<array>
				<string>5CFB4650FA59D01D5D73CBDC</string>
			</array>
			<key>isa</key>
			<string>PBXFrameworksBuildPhase</string>
			<key>runOnlyForDeploymentPostprocessing</key>
			<string>0</string>
		</dict>
		<key>C4BDD78519FEC2B100A69B21</key>
		<dict>
			<key>buildActionMask</key>
			<string>2147483647</string>
			<key>dstPath</key>
			<string>include/$(PRODUCT_NAME)</string>
			<key>dstSubfolderSpec</key>
			<string>16</string>
			<key>files</key>
			<array/>
			<key>isa</key>
			<string>PBXCopyFilesBuildPhase</string>
			<key>runOnlyForDeploymentPostprocessing</key>
			<string>0</string>
		</dict>
		<key>C4BDD78619FEC2B100A69B21</key>
		<dict>
			<key>buildConfigurationList</key>
			<string>C4BDD79B19FEC2B100A69B21</string>
			<key>buildPhases</key>
			<array>
				<string>7CC855DF3B247140B634B1B1</string>
				<string>C4BDD78319FEC2B100A69B21</string>
				<string>C4BDD78419FEC2B100A69B21</string>
				<string>C4BDD78519FEC2B100A69B21</string>
				<string>CC51E494F7A1235E799D768F</string>
			</array>
			<key>buildRules</key>
			<array/>
			<key>dependencies</key>
			<array/>
			<key>isa</key>
			<string>PBXNativeTarget</string>
			<key>name</key>
			<string>BobPullToRefresh</string>
			<key>productName</key>
			<string>BobPullToRefresh</string>
			<key>productReference</key>
			<string>C4BDD78719FEC2B100A69B21</string>
			<key>productType</key>
			<string>com.apple.product-type.library.static</string>
		</dict>
		<key>C4BDD78719FEC2B100A69B21</key>
		<dict>
			<key>explicitFileType</key>
			<string>archive.ar</string>
			<key>includeInIndex</key>
			<string>0</string>
			<key>isa</key>
			<string>PBXFileReference</string>
			<key>path</key>
			<string>libBobPullToRefresh.a</string>
			<key>sourceTree</key>
			<string>BUILT_PRODUCTS_DIR</string>
		</dict>
		<key>C4BDD78819FEC2B100A69B21</key>
		<dict>
			<key>children</key>
			<array>
				<string>C4BDD78719FEC2B100A69B21</string>
				<string>C4BDD79219FEC2B100A69B21</string>
				<string>C4BDD7C019FEDBD700A69B21</string>
			</array>
			<key>isa</key>
			<string>PBXGroup</string>
			<key>name</key>
			<string>Products</string>
			<key>sourceTree</key>
			<string>&lt;group&gt;</string>
		</dict>
		<key>C4BDD78919FEC2B100A69B21</key>
		<dict>
			<key>children</key>
			<array>
				<string>C4BDD7A119FEC36E00A69B21</string>
				<string>C4BDD7A319FEC36E00A69B21</string>
			</array>
			<key>isa</key>
			<string>PBXGroup</string>
			<key>path</key>
			<string>BobPullToRefresh</string>
			<key>sourceTree</key>
			<string>&lt;group&gt;</string>
		</dict>
		<key>C4BDD78E19FEC2B100A69B21</key>
		<dict>
			<key>buildActionMask</key>
			<string>2147483647</string>
			<key>files</key>
			<array>
				<string>C4BDD7B519FEC37D00A69B21</string>
				<string>C4BDD7B419FEC37D00A69B21</string>
				<string>C4BDD7B619FEC37D00A69B21</string>
				<string>C4BDD7B719FEC37D00A69B21</string>
			</array>
			<key>isa</key>
			<string>PBXSourcesBuildPhase</string>
			<key>runOnlyForDeploymentPostprocessing</key>
			<string>0</string>
		</dict>
		<key>C4BDD78F19FEC2B100A69B21</key>
		<dict>
			<key>buildActionMask</key>
			<string>2147483647</string>
			<key>files</key>
			<array>
				<string>C4BDD79319FEC2B100A69B21</string>
				<string>CDDECFDF0801DADBE0E827B9</string>
			</array>
			<key>isa</key>
			<string>PBXFrameworksBuildPhase</string>
			<key>runOnlyForDeploymentPostprocessing</key>
			<string>0</string>
		</dict>
		<key>C4BDD79019FEC2B100A69B21</key>
		<dict>
			<key>buildActionMask</key>
			<string>2147483647</string>
			<key>files</key>
			<array/>
			<key>isa</key>
			<string>PBXResourcesBuildPhase</string>
			<key>runOnlyForDeploymentPostprocessing</key>
			<string>0</string>
		</dict>
		<key>C4BDD79119FEC2B100A69B21</key>
		<dict>
			<key>buildConfigurationList</key>
			<string>C4BDD79E19FEC2B100A69B21</string>
			<key>buildPhases</key>
			<array>
				<string>08878C9B03A123EC2F117993</string>
				<string>C4BDD78E19FEC2B100A69B21</string>
				<string>C4BDD78F19FEC2B100A69B21</string>
				<string>C4BDD79019FEC2B100A69B21</string>
				<string>90331AE7D208409C6F9C3461</string>
			</array>
			<key>buildRules</key>
			<array/>
			<key>dependencies</key>
			<array>
				<string>C4BDD79519FEC2B100A69B21</string>
			</array>
			<key>isa</key>
			<string>PBXNativeTarget</string>
			<key>name</key>
			<string>BobPullToRefreshTests</string>
			<key>productName</key>
			<string>BobPullToRefreshTests</string>
			<key>productReference</key>
			<string>C4BDD79219FEC2B100A69B21</string>
			<key>productType</key>
			<string>com.apple.product-type.bundle.unit-test</string>
		</dict>
		<key>C4BDD79219FEC2B100A69B21</key>
		<dict>
			<key>explicitFileType</key>
			<string>wrapper.cfbundle</string>
			<key>includeInIndex</key>
			<string>0</string>
			<key>isa</key>
			<string>PBXFileReference</string>
			<key>path</key>
			<string>BobPullToRefreshTests.xctest</string>
			<key>sourceTree</key>
			<string>BUILT_PRODUCTS_DIR</string>
		</dict>
		<key>C4BDD79319FEC2B100A69B21</key>
		<dict>
			<key>fileRef</key>
			<string>C4BDD78719FEC2B100A69B21</string>
			<key>isa</key>
			<string>PBXBuildFile</string>
		</dict>
		<key>C4BDD79419FEC2B100A69B21</key>
		<dict>
			<key>containerPortal</key>
			<string>C4BDD77F19FEC2B100A69B21</string>
			<key>isa</key>
			<string>PBXContainerItemProxy</string>
			<key>proxyType</key>
			<string>1</string>
			<key>remoteGlobalIDString</key>
			<string>C4BDD78619FEC2B100A69B21</string>
			<key>remoteInfo</key>
			<string>BobPullToRefresh</string>
		</dict>
		<key>C4BDD79519FEC2B100A69B21</key>
		<dict>
			<key>isa</key>
			<string>PBXTargetDependency</string>
			<key>target</key>
			<string>C4BDD78619FEC2B100A69B21</string>
			<key>targetProxy</key>
			<string>C4BDD79419FEC2B100A69B21</string>
		</dict>
		<key>C4BDD79619FEC2B100A69B21</key>
		<dict>
			<key>children</key>
			<array>
				<string>C4BDD7AE19FEC37D00A69B21</string>
				<string>C4BDD7AF19FEC37D00A69B21</string>
				<string>C4BDD7B019FEC37D00A69B21</string>
				<string>C4BDD7B119FEC37D00A69B21</string>
				<string>C4BDD7B219FEC37D00A69B21</string>
				<string>C4BDD7B319FEC37D00A69B21</string>
				<string>C4BDD79719FEC2B100A69B21</string>
			</array>
			<key>isa</key>
			<string>PBXGroup</string>
			<key>path</key>
			<string>BobPullToRefreshTests</string>
			<key>sourceTree</key>
			<string>&lt;group&gt;</string>
		</dict>
		<key>C4BDD79719FEC2B100A69B21</key>
		<dict>
			<key>children</key>
			<array>
				<string>C4BDD79819FEC2B100A69B21</string>
			</array>
			<key>isa</key>
			<string>PBXGroup</string>
			<key>name</key>
			<string>Supporting Files</string>
			<key>sourceTree</key>
			<string>&lt;group&gt;</string>
		</dict>
		<key>C4BDD79819FEC2B100A69B21</key>
		<dict>
			<key>isa</key>
			<string>PBXFileReference</string>
			<key>lastKnownFileType</key>
			<string>text.plist.xml</string>
			<key>path</key>
			<string>Info.plist</string>
			<key>sourceTree</key>
			<string>&lt;group&gt;</string>
		</dict>
		<key>C4BDD79919FEC2B100A69B21</key>
		<dict>
			<key>buildSettings</key>
			<dict>
				<key>ALWAYS_SEARCH_USER_PATHS</key>
				<string>NO</string>
				<key>CLANG_CXX_LANGUAGE_STANDARD</key>
				<string>gnu++0x</string>
				<key>CLANG_CXX_LIBRARY</key>
				<string>libc++</string>
				<key>CLANG_ENABLE_MODULES</key>
				<string>YES</string>
				<key>CLANG_ENABLE_OBJC_ARC</key>
				<string>YES</string>
				<key>CLANG_WARN_BOOL_CONVERSION</key>
				<string>YES</string>
				<key>CLANG_WARN_CONSTANT_CONVERSION</key>
				<string>YES</string>
				<key>CLANG_WARN_DIRECT_OBJC_ISA_USAGE</key>
				<string>YES_ERROR</string>
				<key>CLANG_WARN_EMPTY_BODY</key>
				<string>YES</string>
				<key>CLANG_WARN_ENUM_CONVERSION</key>
				<string>YES</string>
				<key>CLANG_WARN_INT_CONVERSION</key>
				<string>YES</string>
				<key>CLANG_WARN_OBJC_ROOT_CLASS</key>
				<string>YES_ERROR</string>
				<key>CLANG_WARN_UNREACHABLE_CODE</key>
				<string>YES</string>
				<key>CLANG_WARN__DUPLICATE_METHOD_MATCH</key>
				<string>YES</string>
				<key>COPY_PHASE_STRIP</key>
				<string>NO</string>
				<key>ENABLE_STRICT_OBJC_MSGSEND</key>
				<string>YES</string>
				<key>GCC_C_LANGUAGE_STANDARD</key>
				<string>gnu99</string>
				<key>GCC_DYNAMIC_NO_PIC</key>
				<string>NO</string>
				<key>GCC_OPTIMIZATION_LEVEL</key>
				<string>0</string>
				<key>GCC_PREPROCESSOR_DEFINITIONS</key>
				<array>
					<string>DEBUG=1</string>
					<string>$(inherited)</string>
				</array>
				<key>GCC_SYMBOLS_PRIVATE_EXTERN</key>
				<string>NO</string>
				<key>GCC_WARN_64_TO_32_BIT_CONVERSION</key>
				<string>YES</string>
				<key>GCC_WARN_ABOUT_RETURN_TYPE</key>
				<string>YES_ERROR</string>
				<key>GCC_WARN_UNDECLARED_SELECTOR</key>
				<string>YES</string>
				<key>GCC_WARN_UNINITIALIZED_AUTOS</key>
				<string>YES_AGGRESSIVE</string>
				<key>GCC_WARN_UNUSED_FUNCTION</key>
				<string>YES</string>
				<key>GCC_WARN_UNUSED_VARIABLE</key>
				<string>YES</string>
				<key>IPHONEOS_DEPLOYMENT_TARGET</key>
				<string>8.1</string>
				<key>MTL_ENABLE_DEBUG_INFO</key>
				<string>YES</string>
				<key>ONLY_ACTIVE_ARCH</key>
				<string>YES</string>
				<key>SDKROOT</key>
				<string>iphoneos</string>
			</dict>
			<key>isa</key>
			<string>XCBuildConfiguration</string>
			<key>name</key>
			<string>Debug</string>
		</dict>
		<key>C4BDD79A19FEC2B100A69B21</key>
		<dict>
			<key>buildSettings</key>
			<dict>
				<key>ALWAYS_SEARCH_USER_PATHS</key>
				<string>NO</string>
				<key>CLANG_CXX_LANGUAGE_STANDARD</key>
				<string>gnu++0x</string>
				<key>CLANG_CXX_LIBRARY</key>
				<string>libc++</string>
				<key>CLANG_ENABLE_MODULES</key>
				<string>YES</string>
				<key>CLANG_ENABLE_OBJC_ARC</key>
				<string>YES</string>
				<key>CLANG_WARN_BOOL_CONVERSION</key>
				<string>YES</string>
				<key>CLANG_WARN_CONSTANT_CONVERSION</key>
				<string>YES</string>
				<key>CLANG_WARN_DIRECT_OBJC_ISA_USAGE</key>
				<string>YES_ERROR</string>
				<key>CLANG_WARN_EMPTY_BODY</key>
				<string>YES</string>
				<key>CLANG_WARN_ENUM_CONVERSION</key>
				<string>YES</string>
				<key>CLANG_WARN_INT_CONVERSION</key>
				<string>YES</string>
				<key>CLANG_WARN_OBJC_ROOT_CLASS</key>
				<string>YES_ERROR</string>
				<key>CLANG_WARN_UNREACHABLE_CODE</key>
				<string>YES</string>
				<key>CLANG_WARN__DUPLICATE_METHOD_MATCH</key>
				<string>YES</string>
				<key>COPY_PHASE_STRIP</key>
				<string>YES</string>
				<key>ENABLE_NS_ASSERTIONS</key>
				<string>NO</string>
				<key>ENABLE_STRICT_OBJC_MSGSEND</key>
				<string>YES</string>
				<key>GCC_C_LANGUAGE_STANDARD</key>
				<string>gnu99</string>
				<key>GCC_WARN_64_TO_32_BIT_CONVERSION</key>
				<string>YES</string>
				<key>GCC_WARN_ABOUT_RETURN_TYPE</key>
				<string>YES_ERROR</string>
				<key>GCC_WARN_UNDECLARED_SELECTOR</key>
				<string>YES</string>
				<key>GCC_WARN_UNINITIALIZED_AUTOS</key>
				<string>YES_AGGRESSIVE</string>
				<key>GCC_WARN_UNUSED_FUNCTION</key>
				<string>YES</string>
				<key>GCC_WARN_UNUSED_VARIABLE</key>
				<string>YES</string>
				<key>IPHONEOS_DEPLOYMENT_TARGET</key>
				<string>8.1</string>
				<key>MTL_ENABLE_DEBUG_INFO</key>
				<string>NO</string>
				<key>SDKROOT</key>
				<string>iphoneos</string>
				<key>VALIDATE_PRODUCT</key>
				<string>YES</string>
			</dict>
			<key>isa</key>
			<string>XCBuildConfiguration</string>
			<key>name</key>
			<string>Release</string>
		</dict>
		<key>C4BDD79B19FEC2B100A69B21</key>
		<dict>
			<key>buildConfigurations</key>
			<array>
				<string>C4BDD79C19FEC2B100A69B21</string>
				<string>C4BDD7BA19FED49A00A69B21</string>
				<string>C4BDD79D19FEC2B100A69B21</string>
			</array>
			<key>defaultConfigurationIsVisible</key>
			<string>0</string>
			<key>defaultConfigurationName</key>
			<string>Release</string>
			<key>isa</key>
			<string>XCConfigurationList</string>
		</dict>
		<key>C4BDD79C19FEC2B100A69B21</key>
		<dict>
			<key>baseConfigurationReference</key>
			<string>E7FDB78F7E9E6014FBBD8CB3</string>
			<key>buildSettings</key>
			<dict>
				<key>OTHER_LDFLAGS</key>
				<string>-ObjC</string>
				<key>PRODUCT_NAME</key>
				<string>$(TARGET_NAME)</string>
				<key>SKIP_INSTALL</key>
				<string>YES</string>
			</dict>
			<key>isa</key>
			<string>XCBuildConfiguration</string>
			<key>name</key>
			<string>Debug</string>
		</dict>
		<key>C4BDD79D19FEC2B100A69B21</key>
		<dict>
			<key>baseConfigurationReference</key>
			<string>E7FDB78F7E9E6014FBBD8CB3</string>
			<key>buildSettings</key>
			<dict>
				<key>OTHER_LDFLAGS</key>
				<string>-ObjC</string>
				<key>PRODUCT_NAME</key>
				<string>$(TARGET_NAME)</string>
				<key>SKIP_INSTALL</key>
				<string>YES</string>
			</dict>
			<key>isa</key>
			<string>XCBuildConfiguration</string>
			<key>name</key>
			<string>Release</string>
		</dict>
		<key>C4BDD79E19FEC2B100A69B21</key>
		<dict>
			<key>buildConfigurations</key>
			<array>
				<string>C4BDD79F19FEC2B100A69B21</string>
				<string>C4BDD7BB19FED49A00A69B21</string>
				<string>C4BDD7A019FEC2B100A69B21</string>
			</array>
			<key>defaultConfigurationIsVisible</key>
			<string>0</string>
			<key>defaultConfigurationName</key>
			<string>Release</string>
			<key>isa</key>
			<string>XCConfigurationList</string>
		</dict>
		<key>C4BDD79F19FEC2B100A69B21</key>
		<dict>
			<key>baseConfigurationReference</key>
			<string>B1E2A9A39E6204FE41FF3C47</string>
			<key>buildSettings</key>
			<dict>
				<key>FRAMEWORK_SEARCH_PATHS</key>
				<array>
					<string>$(SDKROOT)/Developer/Library/Frameworks</string>
					<string>$(inherited)</string>
				</array>
				<key>GCC_PREFIX_HEADER</key>
				<string>BobPullToRefreshTests/BobPullToRefreshTests.pch</string>
				<key>GCC_PREPROCESSOR_DEFINITIONS</key>
				<array>
					<string>DEBUG=1</string>
					<string>$(inherited)</string>
				</array>
				<key>INFOPLIST_FILE</key>
				<string>BobPullToRefreshTests/Info.plist</string>
				<key>LD_RUNPATH_SEARCH_PATHS</key>
				<string>$(inherited) @executable_path/Frameworks @loader_path/Frameworks</string>
				<key>PRODUCT_NAME</key>
				<string>$(TARGET_NAME)</string>
			</dict>
			<key>isa</key>
			<string>XCBuildConfiguration</string>
			<key>name</key>
			<string>Debug</string>
		</dict>
		<key>C4BDD7A019FEC2B100A69B21</key>
		<dict>
			<key>baseConfigurationReference</key>
			<string>77CEA7D863C97CCF260B4964</string>
			<key>buildSettings</key>
			<dict>
				<key>FRAMEWORK_SEARCH_PATHS</key>
				<array>
					<string>$(SDKROOT)/Developer/Library/Frameworks</string>
					<string>$(inherited)</string>
				</array>
				<key>GCC_PREFIX_HEADER</key>
				<string>BobPullToRefreshTests/BobPullToRefreshTests.pch</string>
				<key>INFOPLIST_FILE</key>
				<string>BobPullToRefreshTests/Info.plist</string>
				<key>LD_RUNPATH_SEARCH_PATHS</key>
				<string>$(inherited) @executable_path/Frameworks @loader_path/Frameworks</string>
				<key>PRODUCT_NAME</key>
				<string>$(TARGET_NAME)</string>
			</dict>
			<key>isa</key>
			<string>XCBuildConfiguration</string>
			<key>name</key>
			<string>Release</string>
		</dict>
		<key>C4BDD7A119FEC36E00A69B21</key>
		<dict>
			<key>children</key>
			<array>
				<string>C4BDD7A219FEC36E00A69B21</string>
			</array>
			<key>isa</key>
			<string>PBXGroup</string>
			<key>path</key>
			<string>Assets</string>
			<key>sourceTree</key>
			<string>&lt;group&gt;</string>
		</dict>
		<key>C4BDD7A219FEC36E00A69B21</key>
		<dict>
			<key>fileEncoding</key>
			<string>4</string>
			<key>isa</key>
			<string>PBXFileReference</string>
			<key>lastKnownFileType</key>
			<string>text</string>
			<key>path</key>
			<string>.gitkeep</string>
			<key>sourceTree</key>
			<string>&lt;group&gt;</string>
		</dict>
		<key>C4BDD7A319FEC36E00A69B21</key>
		<dict>
			<key>children</key>
			<array>
				<string>C4BDD7A419FEC36E00A69B21</string>
				<string>C4BDD7A519FEC36E00A69B21</string>
				<string>C4BDD7A619FEC36E00A69B21</string>
				<string>C4BDD7A719FEC36E00A69B21</string>
				<string>C4BDD7A819FEC36E00A69B21</string>
				<string>C4BDD7A919FEC36E00A69B21</string>
				<string>C4BDD7AA19FEC36E00A69B21</string>
			</array>
			<key>isa</key>
			<string>PBXGroup</string>
			<key>path</key>
			<string>Classes</string>
			<key>sourceTree</key>
			<string>&lt;group&gt;</string>
		</dict>
		<key>C4BDD7A419FEC36E00A69B21</key>
		<dict>
			<key>fileEncoding</key>
			<string>4</string>
			<key>isa</key>
			<string>PBXFileReference</string>
			<key>lastKnownFileType</key>
			<string>text</string>
			<key>path</key>
			<string>.gitkeep</string>
			<key>sourceTree</key>
			<string>&lt;group&gt;</string>
		</dict>
		<key>C4BDD7A519FEC36E00A69B21</key>
		<dict>
			<key>fileEncoding</key>
			<string>4</string>
			<key>isa</key>
			<string>PBXFileReference</string>
			<key>lastKnownFileType</key>
			<string>sourcecode.c.h</string>
			<key>path</key>
			<string>BPRPullToRefresh.h</string>
			<key>sourceTree</key>
			<string>&lt;group&gt;</string>
		</dict>
		<key>C4BDD7A619FEC36E00A69B21</key>
		<dict>
			<key>fileEncoding</key>
			<string>4</string>
			<key>isa</key>
			<string>PBXFileReference</string>
			<key>lastKnownFileType</key>
			<string>sourcecode.c.objc</string>
			<key>path</key>
			<string>BPRPullToRefresh.m</string>
			<key>sourceTree</key>
			<string>&lt;group&gt;</string>
		</dict>
		<key>C4BDD7A719FEC36E00A69B21</key>
		<dict>
			<key>fileEncoding</key>
			<string>4</string>
			<key>isa</key>
			<string>PBXFileReference</string>
			<key>lastKnownFileType</key>
			<string>sourcecode.c.h</string>
			<key>path</key>
			<string>BPRRefreshView.h</string>
			<key>sourceTree</key>
			<string>&lt;group&gt;</string>
		</dict>
		<key>C4BDD7A819FEC36E00A69B21</key>
		<dict>
			<key>fileEncoding</key>
			<string>4</string>
			<key>isa</key>
			<string>PBXFileReference</string>
			<key>lastKnownFileType</key>
			<string>sourcecode.c.objc</string>
			<key>path</key>
			<string>BPRRefreshView.m</string>
			<key>sourceTree</key>
			<string>&lt;group&gt;</string>
		</dict>
		<key>C4BDD7A919FEC36E00A69B21</key>
		<dict>
			<key>fileEncoding</key>
			<string>4</string>
			<key>isa</key>
			<string>PBXFileReference</string>
			<key>lastKnownFileType</key>
			<string>sourcecode.c.h</string>
			<key>path</key>
			<string>UIScrollView+BobPullToRefresh.h</string>
			<key>sourceTree</key>
			<string>&lt;group&gt;</string>
		</dict>
		<key>C4BDD7AA19FEC36E00A69B21</key>
		<dict>
			<key>fileEncoding</key>
			<string>4</string>
			<key>isa</key>
			<string>PBXFileReference</string>
			<key>lastKnownFileType</key>
			<string>sourcecode.c.objc</string>
			<key>path</key>
			<string>UIScrollView+BobPullToRefresh.m</string>
			<key>sourceTree</key>
			<string>&lt;group&gt;</string>
		</dict>
		<key>C4BDD7AB19FEC36E00A69B21</key>
		<dict>
			<key>fileRef</key>
			<string>C4BDD7A619FEC36E00A69B21</string>
			<key>isa</key>
			<string>PBXBuildFile</string>
		</dict>
		<key>C4BDD7AC19FEC36E00A69B21</key>
		<dict>
			<key>fileRef</key>
			<string>C4BDD7A819FEC36E00A69B21</string>
			<key>isa</key>
			<string>PBXBuildFile</string>
		</dict>
		<key>C4BDD7AD19FEC36E00A69B21</key>
		<dict>
			<key>fileRef</key>
			<string>C4BDD7AA19FEC36E00A69B21</string>
			<key>isa</key>
			<string>PBXBuildFile</string>
		</dict>
		<key>C4BDD7AE19FEC37D00A69B21</key>
		<dict>
			<key>fileEncoding</key>
			<string>4</string>
			<key>isa</key>
			<string>PBXFileReference</string>
			<key>lastKnownFileType</key>
			<string>sourcecode.c.h</string>
			<key>path</key>
			<string>BobPullToRefreshTests.pch</string>
			<key>sourceTree</key>
			<string>&lt;group&gt;</string>
		</dict>
		<key>C4BDD7AF19FEC37D00A69B21</key>
		<dict>
			<key>fileEncoding</key>
			<string>4</string>
			<key>isa</key>
			<string>PBXFileReference</string>
			<key>lastKnownFileType</key>
			<string>sourcecode.c.h</string>
			<key>path</key>
			<string>BPRFakeScrollView.h</string>
			<key>sourceTree</key>
			<string>&lt;group&gt;</string>
		</dict>
		<key>C4BDD7B019FEC37D00A69B21</key>
		<dict>
			<key>fileEncoding</key>
			<string>4</string>
			<key>isa</key>
			<string>PBXFileReference</string>
			<key>lastKnownFileType</key>
			<string>sourcecode.c.objc</string>
			<key>path</key>
			<string>BPRFakeScrollView.m</string>
			<key>sourceTree</key>
			<string>&lt;group&gt;</string>
		</dict>
		<key>C4BDD7B119FEC37D00A69B21</key>
		<dict>
			<key>fileEncoding</key>
			<string>4</string>
			<key>isa</key>
			<string>PBXFileReference</string>
			<key>lastKnownFileType</key>
			<string>sourcecode.c.objc</string>
			<key>path</key>
			<string>BPRPullToRefreshTests.m</string>
			<key>sourceTree</key>
			<string>&lt;group&gt;</string>
		</dict>
		<key>C4BDD7B219FEC37D00A69B21</key>
		<dict>
			<key>fileEncoding</key>
			<string>4</string>
			<key>isa</key>
			<string>PBXFileReference</string>
			<key>lastKnownFileType</key>
			<string>sourcecode.c.objc</string>
			<key>path</key>
			<string>BPRRefreshViewTests.m</string>
			<key>sourceTree</key>
			<string>&lt;group&gt;</string>
		</dict>
		<key>C4BDD7B319FEC37D00A69B21</key>
		<dict>
			<key>fileEncoding</key>
			<string>4</string>
			<key>isa</key>
			<string>PBXFileReference</string>
			<key>lastKnownFileType</key>
			<string>sourcecode.c.objc</string>
			<key>path</key>
			<string>UIScrollView+BobPullToRefreshTests.m</string>
			<key>sourceTree</key>
			<string>&lt;group&gt;</string>
		</dict>
		<key>C4BDD7B419FEC37D00A69B21</key>
		<dict>
			<key>fileRef</key>
			<string>C4BDD7B019FEC37D00A69B21</string>
			<key>isa</key>
			<string>PBXBuildFile</string>
		</dict>
		<key>C4BDD7B519FEC37D00A69B21</key>
		<dict>
			<key>fileRef</key>
			<string>C4BDD7B119FEC37D00A69B21</string>
			<key>isa</key>
			<string>PBXBuildFile</string>
		</dict>
		<key>C4BDD7B619FEC37D00A69B21</key>
		<dict>
			<key>fileRef</key>
			<string>C4BDD7B219FEC37D00A69B21</string>
			<key>isa</key>
			<string>PBXBuildFile</string>
		</dict>
		<key>C4BDD7B719FEC37D00A69B21</key>
		<dict>
			<key>fileRef</key>
			<string>C4BDD7B319FEC37D00A69B21</string>
			<key>isa</key>
			<string>PBXBuildFile</string>
		</dict>
		<key>C4BDD7B919FED49A00A69B21</key>
		<dict>
			<key>buildSettings</key>
			<dict>
				<key>ALWAYS_SEARCH_USER_PATHS</key>
				<string>NO</string>
				<key>CLANG_CXX_LANGUAGE_STANDARD</key>
				<string>gnu++0x</string>
				<key>CLANG_CXX_LIBRARY</key>
				<string>libc++</string>
				<key>CLANG_ENABLE_MODULES</key>
				<string>YES</string>
				<key>CLANG_ENABLE_OBJC_ARC</key>
				<string>YES</string>
				<key>CLANG_WARN_BOOL_CONVERSION</key>
				<string>YES</string>
				<key>CLANG_WARN_CONSTANT_CONVERSION</key>
				<string>YES</string>
				<key>CLANG_WARN_DIRECT_OBJC_ISA_USAGE</key>
				<string>YES_ERROR</string>
				<key>CLANG_WARN_EMPTY_BODY</key>
				<string>YES</string>
				<key>CLANG_WARN_ENUM_CONVERSION</key>
				<string>YES</string>
				<key>CLANG_WARN_INT_CONVERSION</key>
				<string>YES</string>
				<key>CLANG_WARN_OBJC_ROOT_CLASS</key>
				<string>YES_ERROR</string>
				<key>CLANG_WARN_UNREACHABLE_CODE</key>
				<string>YES</string>
				<key>CLANG_WARN__DUPLICATE_METHOD_MATCH</key>
				<string>YES</string>
				<key>COPY_PHASE_STRIP</key>
				<string>NO</string>
				<key>ENABLE_STRICT_OBJC_MSGSEND</key>
				<string>YES</string>
				<key>GCC_C_LANGUAGE_STANDARD</key>
				<string>gnu99</string>
				<key>GCC_DYNAMIC_NO_PIC</key>
				<string>NO</string>
				<key>GCC_GENERATE_TEST_COVERAGE_FILES</key>
				<string>YES</string>
				<key>GCC_INSTRUMENT_PROGRAM_FLOW_ARCS</key>
				<string>YES</string>
				<key>GCC_OPTIMIZATION_LEVEL</key>
				<string>0</string>
				<key>GCC_PREPROCESSOR_DEFINITIONS</key>
				<array>
					<string>DEBUG=1</string>
					<string>$(inherited)</string>
				</array>
				<key>GCC_SYMBOLS_PRIVATE_EXTERN</key>
				<string>NO</string>
				<key>GCC_WARN_64_TO_32_BIT_CONVERSION</key>
				<string>YES</string>
				<key>GCC_WARN_ABOUT_RETURN_TYPE</key>
				<string>YES_ERROR</string>
				<key>GCC_WARN_UNDECLARED_SELECTOR</key>
				<string>YES</string>
				<key>GCC_WARN_UNINITIALIZED_AUTOS</key>
				<string>YES_AGGRESSIVE</string>
				<key>GCC_WARN_UNUSED_FUNCTION</key>
				<string>YES</string>
				<key>GCC_WARN_UNUSED_VARIABLE</key>
				<string>YES</string>
				<key>IPHONEOS_DEPLOYMENT_TARGET</key>
				<string>8.1</string>
				<key>MTL_ENABLE_DEBUG_INFO</key>
				<string>YES</string>
				<key>ONLY_ACTIVE_ARCH</key>
				<string>YES</string>
				<key>SDKROOT</key>
				<string>iphoneos</string>
			</dict>
			<key>isa</key>
			<string>XCBuildConfiguration</string>
			<key>name</key>
			<string>Coverage</string>
		</dict>
		<key>C4BDD7BA19FED49A00A69B21</key>
		<dict>
			<key>baseConfigurationReference</key>
			<string>EB31E283CE262773B007BD6D</string>
			<key>buildSettings</key>
			<dict>
				<key>OTHER_LDFLAGS</key>
				<string>-ObjC</string>
				<key>PRODUCT_NAME</key>
				<string>$(TARGET_NAME)</string>
				<key>SKIP_INSTALL</key>
				<string>YES</string>
			</dict>
			<key>isa</key>
			<string>XCBuildConfiguration</string>
			<key>name</key>
			<string>Coverage</string>
		</dict>
		<key>C4BDD7BB19FED49A00A69B21</key>
		<dict>
			<key>baseConfigurationReference</key>
			<string>B1E2A9A39E6204FE41FF3C47</string>
			<key>buildSettings</key>
			<dict>
				<key>FRAMEWORK_SEARCH_PATHS</key>
				<array>
					<string>$(SDKROOT)/Developer/Library/Frameworks</string>
					<string>$(inherited)</string>
				</array>
				<key>GCC_PREFIX_HEADER</key>
				<string>BobPullToRefreshTests/BobPullToRefreshTests.pch</string>
				<key>GCC_PREPROCESSOR_DEFINITIONS</key>
				<array>
					<string>DEBUG=1</string>
					<string>$(inherited)</string>
				</array>
				<key>INFOPLIST_FILE</key>
				<string>BobPullToRefreshTests/Info.plist</string>
				<key>LD_RUNPATH_SEARCH_PATHS</key>
				<string>$(inherited) @executable_path/Frameworks @loader_path/Frameworks</string>
				<key>PRODUCT_NAME</key>
				<string>$(TARGET_NAME)</string>
			</dict>
			<key>isa</key>
			<string>XCBuildConfiguration</string>
			<key>name</key>
			<string>Coverage</string>
		</dict>
		<key>C4BDD7BC19FEDBD700A69B21</key>
		<dict>
			<key>buildActionMask</key>
			<string>2147483647</string>
			<key>files</key>
			<array>
				<string>C4BDD7C519FEDBD800A69B21</string>
				<string>C4BDD7F019FEDC3F00A69B21</string>
				<string>C4BDD7EE19FEDC3F00A69B21</string>
				<string>C4BDD7EF19FEDC3F00A69B21</string>
			</array>
			<key>isa</key>
			<string>PBXSourcesBuildPhase</string>
			<key>runOnlyForDeploymentPostprocessing</key>
			<string>0</string>
		</dict>
		<key>C4BDD7BD19FEDBD700A69B21</key>
		<dict>
			<key>buildActionMask</key>
			<string>2147483647</string>
			<key>files</key>
			<array>
				<string>C4BDD7F319FEDCA000A69B21</string>
				<string>02D95F358B3809570EE7A06C</string>
			</array>
			<key>isa</key>
			<string>PBXFrameworksBuildPhase</string>
			<key>runOnlyForDeploymentPostprocessing</key>
			<string>0</string>
		</dict>
		<key>C4BDD7BE19FEDBD700A69B21</key>
		<dict>
			<key>buildActionMask</key>
			<string>2147483647</string>
			<key>files</key>
			<array>
				<string>C4BDD7D019FEDBD800A69B21</string>
			</array>
			<key>isa</key>
			<string>PBXResourcesBuildPhase</string>
			<key>runOnlyForDeploymentPostprocessing</key>
			<string>0</string>
		</dict>
		<key>C4BDD7BF19FEDBD700A69B21</key>
		<dict>
			<key>buildConfigurationList</key>
			<string>C4BDD7E019FEDBD800A69B21</string>
			<key>buildPhases</key>
			<array>
				<string>0E90FD305A22A203592C686E</string>
				<string>C4BDD7BC19FEDBD700A69B21</string>
				<string>C4BDD7BD19FEDBD700A69B21</string>
				<string>C4BDD7BE19FEDBD700A69B21</string>
				<string>531C1CE568C814E92AB5E70D</string>
			</array>
			<key>buildRules</key>
			<array/>
			<key>dependencies</key>
			<array>
				<string>C4BDD7F219FEDC9A00A69B21</string>
			</array>
			<key>isa</key>
			<string>PBXNativeTarget</string>
			<key>name</key>
			<string>Demo</string>
			<key>productName</key>
			<string>Demo</string>
			<key>productReference</key>
			<string>C4BDD7C019FEDBD700A69B21</string>
			<key>productType</key>
			<string>com.apple.product-type.application</string>
		</dict>
		<key>C4BDD7C019FEDBD700A69B21</key>
		<dict>
			<key>explicitFileType</key>
			<string>wrapper.application</string>
			<key>includeInIndex</key>
			<string>0</string>
			<key>isa</key>
			<string>PBXFileReference</string>
			<key>path</key>
			<string>Demo.app</string>
			<key>sourceTree</key>
			<string>BUILT_PRODUCTS_DIR</string>
		</dict>
		<key>C4BDD7C119FEDBD800A69B21</key>
		<dict>
			<key>children</key>
			<array>
				<string>C4BDD7E819FEDC3F00A69B21</string>
				<string>C4BDD7E919FEDC3F00A69B21</string>
				<string>C4BDD7EA19FEDC3F00A69B21</string>
				<string>C4BDD7EB19FEDC3F00A69B21</string>
				<string>C4BDD7EC19FEDC3F00A69B21</string>
				<string>C4BDD7ED19FEDC3F00A69B21</string>
				<string>C4BDD7CF19FEDBD800A69B21</string>
				<string>C4BDD7C219FEDBD800A69B21</string>
			</array>
			<key>isa</key>
			<string>PBXGroup</string>
			<key>path</key>
			<string>Demo</string>
			<key>sourceTree</key>
			<string>&lt;group&gt;</string>
		</dict>
		<key>C4BDD7C219FEDBD800A69B21</key>
		<dict>
			<key>children</key>
			<array>
				<string>C4BDD7C319FEDBD800A69B21</string>
				<string>C4BDD7C419FEDBD800A69B21</string>
			</array>
			<key>isa</key>
			<string>PBXGroup</string>
			<key>name</key>
			<string>Supporting Files</string>
			<key>sourceTree</key>
			<string>&lt;group&gt;</string>
		</dict>
		<key>C4BDD7C319FEDBD800A69B21</key>
		<dict>
			<key>isa</key>
			<string>PBXFileReference</string>
			<key>lastKnownFileType</key>
			<string>text.plist.xml</string>
			<key>path</key>
			<string>Info.plist</string>
			<key>sourceTree</key>
			<string>&lt;group&gt;</string>
		</dict>
		<key>C4BDD7C419FEDBD800A69B21</key>
		<dict>
			<key>isa</key>
			<string>PBXFileReference</string>
			<key>lastKnownFileType</key>
			<string>sourcecode.c.objc</string>
			<key>path</key>
			<string>main.m</string>
			<key>sourceTree</key>
			<string>&lt;group&gt;</string>
		</dict>
		<key>C4BDD7C519FEDBD800A69B21</key>
		<dict>
			<key>fileRef</key>
			<string>C4BDD7C419FEDBD800A69B21</string>
			<key>isa</key>
			<string>PBXBuildFile</string>
		</dict>
		<key>C4BDD7CF19FEDBD800A69B21</key>
		<dict>
			<key>isa</key>
			<string>PBXFileReference</string>
			<key>lastKnownFileType</key>
			<string>folder.assetcatalog</string>
			<key>path</key>
			<string>Images.xcassets</string>
			<key>sourceTree</key>
			<string>&lt;group&gt;</string>
		</dict>
		<key>C4BDD7D019FEDBD800A69B21</key>
		<dict>
			<key>fileRef</key>
			<string>C4BDD7CF19FEDBD800A69B21</string>
			<key>isa</key>
			<string>PBXBuildFile</string>
		</dict>
		<key>C4BDD7E019FEDBD800A69B21</key>
		<dict>
			<key>buildConfigurations</key>
			<array>
				<string>C4BDD7E119FEDBD800A69B21</string>
				<string>C4BDD7E219FEDBD800A69B21</string>
				<string>C4BDD7E319FEDBD800A69B21</string>
			</array>
			<key>defaultConfigurationIsVisible</key>
			<string>0</string>
			<key>isa</key>
			<string>XCConfigurationList</string>
		</dict>
		<key>C4BDD7E119FEDBD800A69B21</key>
		<dict>
			<key>baseConfigurationReference</key>
			<string>990E28A1858A12722065A22A</string>
			<key>buildSettings</key>
			<dict>
				<key>ASSETCATALOG_COMPILER_APPICON_NAME</key>
				<string>AppIcon</string>
				<key>CODE_SIGN_IDENTITY[sdk=iphoneos*]</key>
				<string>iPhone Developer</string>
				<key>GCC_PREPROCESSOR_DEFINITIONS</key>
				<array>
					<string>DEBUG=1</string>
					<string>$(inherited)</string>
				</array>
				<key>INFOPLIST_FILE</key>
				<string>Demo/Info.plist</string>
				<key>LD_RUNPATH_SEARCH_PATHS</key>
				<string>$(inherited) @executable_path/Frameworks</string>
				<key>PRODUCT_NAME</key>
				<string>$(TARGET_NAME)</string>
				<key>TARGETED_DEVICE_FAMILY</key>
				<string>1,2</string>
			</dict>
			<key>isa</key>
			<string>XCBuildConfiguration</string>
			<key>name</key>
			<string>Debug</string>
		</dict>
		<key>C4BDD7E219FEDBD800A69B21</key>
		<dict>
			<key>baseConfigurationReference</key>
			<string>58DC311FE3F21F7380A5F7DB</string>
			<key>buildSettings</key>
			<dict>
				<key>ASSETCATALOG_COMPILER_APPICON_NAME</key>
				<string>AppIcon</string>
				<key>CODE_SIGN_IDENTITY[sdk=iphoneos*]</key>
				<string>iPhone Developer</string>
				<key>INFOPLIST_FILE</key>
				<string>Demo/Info.plist</string>
				<key>LD_RUNPATH_SEARCH_PATHS</key>
				<string>$(inherited) @executable_path/Frameworks</string>
				<key>PRODUCT_NAME</key>
				<string>$(TARGET_NAME)</string>
				<key>TARGETED_DEVICE_FAMILY</key>
				<string>1,2</string>
			</dict>
			<key>isa</key>
			<string>XCBuildConfiguration</string>
			<key>name</key>
			<string>Coverage</string>
		</dict>
		<key>C4BDD7E319FEDBD800A69B21</key>
		<dict>
			<key>baseConfigurationReference</key>
			<string>1B2A935CC2511EBAE5F013FF</string>
			<key>buildSettings</key>
			<dict>
				<key>ASSETCATALOG_COMPILER_APPICON_NAME</key>
				<string>AppIcon</string>
				<key>CODE_SIGN_IDENTITY[sdk=iphoneos*]</key>
				<string>iPhone Developer</string>
				<key>INFOPLIST_FILE</key>
				<string>Demo/Info.plist</string>
				<key>LD_RUNPATH_SEARCH_PATHS</key>
				<string>$(inherited) @executable_path/Frameworks</string>
				<key>PRODUCT_NAME</key>
				<string>$(TARGET_NAME)</string>
				<key>TARGETED_DEVICE_FAMILY</key>
				<string>1,2</string>
			</dict>
			<key>isa</key>
			<string>XCBuildConfiguration</string>
			<key>name</key>
			<string>Release</string>
		</dict>
		<key>C4BDD7E819FEDC3F00A69B21</key>
		<dict>
			<key>fileEncoding</key>
			<string>4</string>
			<key>isa</key>
			<string>PBXFileReference</string>
			<key>lastKnownFileType</key>
			<string>sourcecode.c.h</string>
			<key>path</key>
			<string>BPRAppDelegate.h</string>
			<key>sourceTree</key>
			<string>&lt;group&gt;</string>
		</dict>
		<key>C4BDD7E919FEDC3F00A69B21</key>
		<dict>
			<key>fileEncoding</key>
			<string>4</string>
			<key>isa</key>
			<string>PBXFileReference</string>
			<key>lastKnownFileType</key>
			<string>sourcecode.c.objc</string>
			<key>path</key>
			<string>BPRAppDelegate.m</string>
			<key>sourceTree</key>
			<string>&lt;group&gt;</string>
		</dict>
		<key>C4BDD7EA19FEDC3F00A69B21</key>
		<dict>
			<key>fileEncoding</key>
			<string>4</string>
			<key>isa</key>
			<string>PBXFileReference</string>
			<key>lastKnownFileType</key>
			<string>sourcecode.c.h</string>
			<key>path</key>
			<string>BPRArrowRefreshView.h</string>
			<key>sourceTree</key>
			<string>&lt;group&gt;</string>
		</dict>
		<key>C4BDD7EB19FEDC3F00A69B21</key>
		<dict>
			<key>fileEncoding</key>
			<string>4</string>
			<key>isa</key>
			<string>PBXFileReference</string>
			<key>lastKnownFileType</key>
			<string>sourcecode.c.objc</string>
			<key>path</key>
			<string>BPRArrowRefreshView.m</string>
			<key>sourceTree</key>
			<string>&lt;group&gt;</string>
		</dict>
		<key>C4BDD7EC19FEDC3F00A69B21</key>
		<dict>
			<key>fileEncoding</key>
			<string>4</string>
			<key>isa</key>
			<string>PBXFileReference</string>
			<key>lastKnownFileType</key>
			<string>sourcecode.c.h</string>
			<key>path</key>
			<string>BPRViewController.h</string>
			<key>sourceTree</key>
			<string>&lt;group&gt;</string>
		</dict>
		<key>C4BDD7ED19FEDC3F00A69B21</key>
		<dict>
			<key>fileEncoding</key>
			<string>4</string>
			<key>isa</key>
			<string>PBXFileReference</string>
			<key>lastKnownFileType</key>
			<string>sourcecode.c.objc</string>
			<key>path</key>
			<string>BPRViewController.m</string>
			<key>sourceTree</key>
			<string>&lt;group&gt;</string>
		</dict>
		<key>C4BDD7EE19FEDC3F00A69B21</key>
		<dict>
			<key>fileRef</key>
			<string>C4BDD7E919FEDC3F00A69B21</string>
			<key>isa</key>
			<string>PBXBuildFile</string>
		</dict>
		<key>C4BDD7EF19FEDC3F00A69B21</key>
		<dict>
			<key>fileRef</key>
			<string>C4BDD7EB19FEDC3F00A69B21</string>
			<key>isa</key>
			<string>PBXBuildFile</string>
		</dict>
		<key>C4BDD7F019FEDC3F00A69B21</key>
		<dict>
			<key>fileRef</key>
			<string>C4BDD7ED19FEDC3F00A69B21</string>
			<key>isa</key>
			<string>PBXBuildFile</string>
		</dict>
		<key>C4BDD7F119FEDC9A00A69B21</key>
		<dict>
			<key>containerPortal</key>
			<string>C4BDD77F19FEC2B100A69B21</string>
			<key>isa</key>
			<string>PBXContainerItemProxy</string>
			<key>proxyType</key>
			<string>1</string>
			<key>remoteGlobalIDString</key>
			<string>C4BDD78619FEC2B100A69B21</string>
			<key>remoteInfo</key>
			<string>BobPullToRefresh</string>
		</dict>
		<key>C4BDD7F219FEDC9A00A69B21</key>
		<dict>
			<key>isa</key>
			<string>PBXTargetDependency</string>
			<key>target</key>
			<string>C4BDD78619FEC2B100A69B21</string>
			<key>targetProxy</key>
			<string>C4BDD7F119FEDC9A00A69B21</string>
		</dict>
		<key>C4BDD7F319FEDCA000A69B21</key>
		<dict>
			<key>fileRef</key>
			<string>C4BDD78719FEC2B100A69B21</string>
			<key>isa</key>
			<string>PBXBuildFile</string>
		</dict>
		<key>CC51E494F7A1235E799D768F</key>
		<dict>
			<key>buildActionMask</key>
			<string>2147483647</string>
			<key>files</key>
			<array/>
			<key>inputPaths</key>
			<array/>
			<key>isa</key>
			<string>PBXShellScriptBuildPhase</string>
			<key>name</key>
			<string>Copy Pods Resources</string>
			<key>outputPaths</key>
			<array/>
			<key>runOnlyForDeploymentPostprocessing</key>
			<string>0</string>
			<key>shellPath</key>
			<string>/bin/sh</string>
			<key>shellScript</key>
			<string>"${SRCROOT}/Pods/Target Support Files/Pods-BobPullToRefresh/Pods-BobPullToRefresh-resources.sh"
</string>
			<key>showEnvVarsInLog</key>
			<string>0</string>
		</dict>
		<key>CDDECFDF0801DADBE0E827B9</key>
		<dict>
			<key>fileRef</key>
			<string>929D46EFE825E3203FC1E76E</string>
			<key>isa</key>
			<string>PBXBuildFile</string>
		</dict>
		<key>E17E7D4C343CCBF351FFBFEB</key>
		<dict>
			<key>explicitFileType</key>
			<string>archive.ar</string>
			<key>includeInIndex</key>
			<string>0</string>
			<key>isa</key>
			<string>PBXFileReference</string>
			<key>path</key>
			<string>libPods.a</string>
			<key>sourceTree</key>
			<string>BUILT_PRODUCTS_DIR</string>
		</dict>
		<key>E5312EDDE7823CA6A13E8153</key>
		<dict>
			<key>explicitFileType</key>
			<string>archive.ar</string>
			<key>includeInIndex</key>
			<string>0</string>
			<key>isa</key>
			<string>PBXFileReference</string>
			<key>path</key>
			<string>libPods-Demo.a</string>
			<key>sourceTree</key>
			<string>BUILT_PRODUCTS_DIR</string>
		</dict>
		<key>E7FDB78F7E9E6014FBBD8CB3</key>
		<dict>
			<key>includeInIndex</key>
			<string>1</string>
			<key>isa</key>
			<string>PBXFileReference</string>
			<key>lastKnownFileType</key>
			<string>text.xcconfig</string>
			<key>name</key>
			<string>Pods-BobPullToRefresh.debug.xcconfig</string>
			<key>path</key>
			<string>Pods/Target Support Files/Pods-BobPullToRefresh/Pods-BobPullToRefresh.debug.xcconfig</string>
			<key>sourceTree</key>
			<string>&lt;group&gt;</string>
		</dict>
		<key>EB31E283CE262773B007BD6D</key>
		<dict>
			<key>includeInIndex</key>
			<string>1</string>
			<key>isa</key>
			<string>PBXFileReference</string>
			<key>lastKnownFileType</key>
			<string>text.xcconfig</string>
			<key>name</key>
			<string>Pods-BobPullToRefresh.coverage.xcconfig</string>
			<key>path</key>
			<string>Pods/Target Support Files/Pods-BobPullToRefresh/Pods-BobPullToRefresh.coverage.xcconfig</string>
			<key>sourceTree</key>
			<string>&lt;group&gt;</string>
		</dict>
	</dict>
	<key>rootObject</key>
	<string>C4BDD77F19FEC2B100A69B21</string>
</dict>
</plist>
